// !$*UTF8*$!
{
	archiveVersion = 1;
	classes = {
	};
	objectVersion = 52;
	objects = {

/* Begin PBXBuildFile section */
		141497E62645A41700BF0ABC /* InstructionOverlay.swift in Sources */ = {isa = PBXBuildFile; fileRef = 141497E52645A41700BF0ABC /* InstructionOverlay.swift */; };
		141FF9C226499FCE00845059 /* ManageLocationsView.swift in Sources */ = {isa = PBXBuildFile; fileRef = 141FF9C126499FCE00845059 /* ManageLocationsView.swift */; };
		143011F92629D8AF0042FDFC /* AddLocationButton.swift in Sources */ = {isa = PBXBuildFile; fileRef = 143011F82629D8AF0042FDFC /* AddLocationButton.swift */; };
		143011FE2629D8CD0042FDFC /* ManageLocationsButton.swift in Sources */ = {isa = PBXBuildFile; fileRef = 143011FD2629D8CD0042FDFC /* ManageLocationsButton.swift */; };
		1447B706262421CC00230A58 /* InvisibleMapCreator2App.swift in Sources */ = {isa = PBXBuildFile; fileRef = 1447B705262421CC00230A58 /* InvisibleMapCreator2App.swift */; };
		1447B70A262421CF00230A58 /* Assets.xcassets in Resources */ = {isa = PBXBuildFile; fileRef = 1447B709262421CF00230A58 /* Assets.xcassets */; };
		1447B70D262421CF00230A58 /* Preview Assets.xcassets in Resources */ = {isa = PBXBuildFile; fileRef = 1447B70C262421CF00230A58 /* Preview Assets.xcassets */; };
		1447B72F2624227600230A58 /* ARView.swift in Sources */ = {isa = PBXBuildFile; fileRef = 1447B71E2624227600230A58 /* ARView.swift */; };
		1447B7422624229600230A58 /* ContentView.swift in Sources */ = {isa = PBXBuildFile; fileRef = 1447B7412624229600230A58 /* ContentView.swift */; };
		1447B75B2624230200230A58 /* InvisibleMapCreatorController.swift in Sources */ = {isa = PBXBuildFile; fileRef = 1447B7552624230200230A58 /* InvisibleMapCreatorController.swift */; };
		1447B75C2624230200230A58 /* StateType.swift in Sources */ = {isa = PBXBuildFile; fileRef = 1447B7562624230200230A58 /* StateType.swift */; };
		1447B75E2624230200230A58 /* MapRecorder.swift in Sources */ = {isa = PBXBuildFile; fileRef = 1447B7592624230200230A58 /* MapRecorder.swift */; };
		14995FB2262639DA00A7C78B /* main.m in Sources */ = {isa = PBXBuildFile; fileRef = 868CBA4A2113394B007343B4 /* main.m */; };
		14995FB6262639E400A7C78B /* TagFinder.mm in Sources */ = {isa = PBXBuildFile; fileRef = 868CBA4C2113394B007343B4 /* TagFinder.mm */; };
		14995FB7262639E900A7C78B /* ImageDisplay.mm in Sources */ = {isa = PBXBuildFile; fileRef = 868CBA4721133939007343B4 /* ImageDisplay.mm */; };
		14995FB8262639ED00A7C78B /* ImageConversion.mm in Sources */ = {isa = PBXBuildFile; fileRef = 868CBA4521133939007343B4 /* ImageConversion.mm */; };
		14995FBC26263A0900A7C78B /* AprilTagTracker.swift in Sources */ = {isa = PBXBuildFile; fileRef = 822FA78524E2FB3E0001F463 /* AprilTagTracker.swift */; };
		14995FC026263B3100A7C78B /* simd+ext.swift in Sources */ = {isa = PBXBuildFile; fileRef = 82A8259E24B3854000AFC390 /* simd+ext.swift */; };
		14995FC426263BA800A7C78B /* visp3.framework in Frameworks */ = {isa = PBXBuildFile; fileRef = 86616BC42113369200DD565C /* visp3.framework */; };
		14995FC826263BB700A7C78B /* opencv2.framework in Frameworks */ = {isa = PBXBuildFile; fileRef = 8630963B21125E89003D4434 /* opencv2.framework */; };
		14995FD726269B0900A7C78B /* SaveButton.swift in Sources */ = {isa = PBXBuildFile; fileRef = 14995FD626269B0900A7C78B /* SaveButton.swift */; };
		14995FEA262713EC00A7C78B /* RecordMapView.swift in Sources */ = {isa = PBXBuildFile; fileRef = 14995FE9262713EC00A7C78B /* RecordMapView.swift */; };
		14E164732633523B0087A426 /* EditMapView.swift in Sources */ = {isa = PBXBuildFile; fileRef = 14E164722633523B0087A426 /* EditMapView.swift */; };
		14F15C94263954F2008DB04C /* GoogleService-Info.plist in Resources */ = {isa = PBXBuildFile; fileRef = 86A84771210FA6440004C325 /* GoogleService-Info.plist */; };
		1F131D72271F5FCC00568FEC /* FirebaseManager.swift in Sources */ = {isa = PBXBuildFile; fileRef = 1F131D71271F5FCC00568FEC /* FirebaseManager.swift */; };
		1F131D73271F5FCC00568FEC /* FirebaseManager.swift in Sources */ = {isa = PBXBuildFile; fileRef = 1F131D71271F5FCC00568FEC /* FirebaseManager.swift */; };
		1F131D75271F607A00568FEC /* FirebaseDatabase in Frameworks */ = {isa = PBXBuildFile; productRef = 1F131D74271F607A00568FEC /* FirebaseDatabase */; };
		1F131D77271F608100568FEC /* FirebaseStorage in Frameworks */ = {isa = PBXBuildFile; productRef = 1F131D76271F608100568FEC /* FirebaseStorage */; };
		1F131D79271F60B000568FEC /* FirebaseAnalytics in Frameworks */ = {isa = PBXBuildFile; productRef = 1F131D78271F60B000568FEC /* FirebaseAnalytics */; };
		1F131D7B271F60B500568FEC /* FirebaseAuth in Frameworks */ = {isa = PBXBuildFile; productRef = 1F131D7A271F60B500568FEC /* FirebaseAuth */; };
		1F131D7D27288FA400568FEC /* SwiftGraph in Frameworks */ = {isa = PBXBuildFile; productRef = 1F131D7C27288FA400568FEC /* SwiftGraph */; };
		1F4C30C626A1D70C008CBE3C /* RecordTagButton.swift in Sources */ = {isa = PBXBuildFile; fileRef = 1F4C30C526A1D70C008CBE3C /* RecordTagButton.swift */; };
		1F64364F269DDD08007BD526 /* MemoryChecker.m in Sources */ = {isa = PBXBuildFile; fileRef = 1F64364E269DDD08007BD526 /* MemoryChecker.m */; };
		1F77A36226F2493A0044BE18 /* InvisibleMap2App.swift in Sources */ = {isa = PBXBuildFile; fileRef = 1F77A36126F2493A0044BE18 /* InvisibleMap2App.swift */; };
		1F77A36626F249480044BE18 /* Assets.xcassets in Resources */ = {isa = PBXBuildFile; fileRef = 1F77A36526F249480044BE18 /* Assets.xcassets */; };
		1F77A36926F249480044BE18 /* Preview Assets.xcassets in Resources */ = {isa = PBXBuildFile; fileRef = 1F77A36826F249480044BE18 /* Preview Assets.xcassets */; };
		1F83DB6A272C7AE800D0148F /* Utils.swift in Sources */ = {isa = PBXBuildFile; fileRef = 1F83DB69272C7AE800D0148F /* Utils.swift */; };
		1F83DB6B272C7AE800D0148F /* Utils.swift in Sources */ = {isa = PBXBuildFile; fileRef = 1F83DB69272C7AE800D0148F /* Utils.swift */; };
		1F83DB70273EFC0C00D0148F /* ContentView.swift in Sources */ = {isa = PBXBuildFile; fileRef = 1447B7412624229600230A58 /* ContentView.swift */; };
		1F83DB72273F02C100D0148F /* BaseNavigationView.swift in Sources */ = {isa = PBXBuildFile; fileRef = 1F83DB71273F02C100D0148F /* BaseNavigationView.swift */; };
		1F83DB73273F02C100D0148F /* BaseNavigationView.swift in Sources */ = {isa = PBXBuildFile; fileRef = 1F83DB71273F02C100D0148F /* BaseNavigationView.swift */; };
		1F83DB75273F081300D0148F /* NavigateMapView.swift in Sources */ = {isa = PBXBuildFile; fileRef = 1F83DB74273F081300D0148F /* NavigateMapView.swift */; };
		1F83DB76275AADA200D0148F /* GoogleService-Info.plist in Resources */ = {isa = PBXBuildFile; fileRef = 86A84771210FA6440004C325 /* GoogleService-Info.plist */; };
		1FE46D8027644F93001A3812 /* TagDetectionButton.swift in Sources */ = {isa = PBXBuildFile; fileRef = 1FE46D7F27644F93001A3812 /* TagDetectionButton.swift */; };
		1FE9717626FB88BE00DEB00A /* StateType.swift in Sources */ = {isa = PBXBuildFile; fileRef = 1447B7562624230200230A58 /* StateType.swift */; };
		1FE9717A26FB8AFB00DEB00A /* AppController.swift in Sources */ = {isa = PBXBuildFile; fileRef = 1FE9717726FB89DB00DEB00A /* AppController.swift */; };
		1FE9717B26FB8AFC00DEB00A /* AppController.swift in Sources */ = {isa = PBXBuildFile; fileRef = 1FE9717726FB89DB00DEB00A /* AppController.swift */; };
		1FE9717D26FB8B2D00DEB00A /* InvisibleMapController.swift in Sources */ = {isa = PBXBuildFile; fileRef = 1FE9717C26FB8B2D00DEB00A /* InvisibleMapController.swift */; };
		1FE9717F26FBA29E00DEB00A /* ARView.swift in Sources */ = {isa = PBXBuildFile; fileRef = 1447B71E2624227600230A58 /* ARView.swift */; };
		1FE9718226FE50E400DEB00A /* MapNavigator.swift in Sources */ = {isa = PBXBuildFile; fileRef = 1FE9718126FE50E400DEB00A /* MapNavigator.swift */; };
		1FE9718326FE614700DEB00A /* TagFinder.mm in Sources */ = {isa = PBXBuildFile; fileRef = 868CBA4C2113394B007343B4 /* TagFinder.mm */; };
		1FE9718426FE614B00DEB00A /* ImageDisplay.mm in Sources */ = {isa = PBXBuildFile; fileRef = 868CBA4721133939007343B4 /* ImageDisplay.mm */; };
		1FE9718526FE614F00DEB00A /* ImageConversion.mm in Sources */ = {isa = PBXBuildFile; fileRef = 868CBA4521133939007343B4 /* ImageConversion.mm */; };
		1FE9718626FE615600DEB00A /* AprilTagTracker.swift in Sources */ = {isa = PBXBuildFile; fileRef = 822FA78524E2FB3E0001F463 /* AprilTagTracker.swift */; };
		1FE9718726FE616000DEB00A /* simd+ext.swift in Sources */ = {isa = PBXBuildFile; fileRef = 82A8259E24B3854000AFC390 /* simd+ext.swift */; };
		1FE9718826FE62E900DEB00A /* visp3.framework in Frameworks */ = {isa = PBXBuildFile; fileRef = 86616BC42113369200DD565C /* visp3.framework */; };
		1FE9718A26FE62F000DEB00A /* opencv2.framework in Frameworks */ = {isa = PBXBuildFile; fileRef = 8630963B21125E89003D4434 /* opencv2.framework */; };
		1FE9718B26FE635D00DEB00A /* MemoryChecker.m in Sources */ = {isa = PBXBuildFile; fileRef = 1F64364E269DDD08007BD526 /* MemoryChecker.m */; };
		1FE9718C26FE63C600DEB00A /* ImageConversion.mm in Sources */ = {isa = PBXBuildFile; fileRef = 868CBA4521133939007343B4 /* ImageConversion.mm */; };
		1FE9718D26FE63C900DEB00A /* ImageDisplay.mm in Sources */ = {isa = PBXBuildFile; fileRef = 868CBA4721133939007343B4 /* ImageDisplay.mm */; };
		1FE9718E26FE63CB00DEB00A /* TagFinder.mm in Sources */ = {isa = PBXBuildFile; fileRef = 868CBA4C2113394B007343B4 /* TagFinder.mm */; };
		1FE971902703AC9600DEB00A /* Map.swift in Sources */ = {isa = PBXBuildFile; fileRef = 1FE9718F2703AC9600DEB00A /* Map.swift */; };
		1FE971922704D8AE00DEB00A /* SwiftGraph in Frameworks */ = {isa = PBXBuildFile; productRef = 1FE971912704D8AE00DEB00A /* SwiftGraph */; };
		1FE97193271619F200DEB00A /* Map.swift in Sources */ = {isa = PBXBuildFile; fileRef = 1FE9718F2703AC9600DEB00A /* Map.swift */; };
		822FA78324E2F9750001F463 /* DebugHelpers.swift in Sources */ = {isa = PBXBuildFile; fileRef = 822FA78224E2F9750001F463 /* DebugHelpers.swift */; };
		822FA78624E2FB3E0001F463 /* AprilTagTracker.swift in Sources */ = {isa = PBXBuildFile; fileRef = 822FA78524E2FB3E0001F463 /* AprilTagTracker.swift */; };
		82A8259F24B3854000AFC390 /* simd+ext.swift in Sources */ = {isa = PBXBuildFile; fileRef = 82A8259E24B3854000AFC390 /* simd+ext.swift */; };
		86112CCD211B805300736960 /* ChooseMapViewController.swift in Sources */ = {isa = PBXBuildFile; fileRef = 86112CCC211B805300736960 /* ChooseMapViewController.swift */; };
		86112CD3211B837200736960 /* ChooseMapTableViewCell.swift in Sources */ = {isa = PBXBuildFile; fileRef = 86112CD2211B837200736960 /* ChooseMapTableViewCell.swift */; };
		8630963C21125E89003D4434 /* opencv2.framework in Frameworks */ = {isa = PBXBuildFile; fileRef = 8630963B21125E89003D4434 /* opencv2.framework */; };
		86616BC52113369200DD565C /* visp3.framework in Frameworks */ = {isa = PBXBuildFile; fileRef = 86616BC42113369200DD565C /* visp3.framework */; };
		868CBA4E2113394B007343B4 /* main.m in Sources */ = {isa = PBXBuildFile; fileRef = 868CBA4A2113394B007343B4 /* main.m */; };
		86F3953F210FA42500F209EC /* AppDelegate.swift in Sources */ = {isa = PBXBuildFile; fileRef = 86F3953E210FA42500F209EC /* AppDelegate.swift */; };
		86F39541210FA42500F209EC /* ViewController.swift in Sources */ = {isa = PBXBuildFile; fileRef = 86F39540210FA42500F209EC /* ViewController.swift */; };
		86F39544210FA42500F209EC /* Main.storyboard in Resources */ = {isa = PBXBuildFile; fileRef = 86F39542210FA42500F209EC /* Main.storyboard */; };
		86F39549210FA42600F209EC /* LaunchScreen.storyboard in Resources */ = {isa = PBXBuildFile; fileRef = 86F39547210FA42600F209EC /* LaunchScreen.storyboard */; };
		98082AB42864FECB009E808C /* MenuView.swift in Sources */ = {isa = PBXBuildFile; fileRef = 98082AB32864FECB009E808C /* MenuView.swift */; };
		98082AB52864FECB009E808C /* MenuView.swift in Sources */ = {isa = PBXBuildFile; fileRef = 98082AB32864FECB009E808C /* MenuView.swift */; };
		98082ABF286B6F25009E808C /* LocationListView.swift in Sources */ = {isa = PBXBuildFile; fileRef = 98082ABE286B6F25009E808C /* LocationListView.swift */; };
		98082AC1286B6FEC009E808C /* InstructionOverlay.swift in Sources */ = {isa = PBXBuildFile; fileRef = 141497E52645A41700BF0ABC /* InstructionOverlay.swift */; };
		98082AC3286CB6AD009E808C /* MapNavigateExitButton.swift in Sources */ = {isa = PBXBuildFile; fileRef = 98082AC2286CB6AC009E808C /* MapNavigateExitButton.swift */; };
		98082AC5286CBDE4009E808C /* InvisibleMapAppState.swift in Sources */ = {isa = PBXBuildFile; fileRef = 98082AC4286CBDE4009E808C /* InvisibleMapAppState.swift */; };
		98082AC7286CBEE1009E808C /* CreatorExitButton.swift in Sources */ = {isa = PBXBuildFile; fileRef = 98082AC6286CBEE1009E808C /* CreatorExitButton.swift */; };
		98082AC9286CBF6B009E808C /* CreatorAppState.swift in Sources */ = {isa = PBXBuildFile; fileRef = 98082AC8286CBF6B009E808C /* CreatorAppState.swift */; };
		98211C9E28724C5B0027860B /* HelpView.swift in Sources */ = {isa = PBXBuildFile; fileRef = 98211C9D28724C5A0027860B /* HelpView.swift */; };
		98211C9F28724C5B0027860B /* HelpView.swift in Sources */ = {isa = PBXBuildFile; fileRef = 98211C9D28724C5A0027860B /* HelpView.swift */; };
		98211CA2287258E60027860B /* SettingsView.swift in Sources */ = {isa = PBXBuildFile; fileRef = 98211CA1287258E60027860B /* SettingsView.swift */; };
		98211CA3287258E60027860B /* SettingsView.swift in Sources */ = {isa = PBXBuildFile; fileRef = 98211CA1287258E60027860B /* SettingsView.swift */; };
		98211CA528725A620027860B /* FeedbackView.swift in Sources */ = {isa = PBXBuildFile; fileRef = 98211CA428725A620027860B /* FeedbackView.swift */; };
		98211CA628725A620027860B /* FeedbackView.swift in Sources */ = {isa = PBXBuildFile; fileRef = 98211CA428725A620027860B /* FeedbackView.swift */; };
		984C21CB26B445C9006EEF4F /* GoogleService-Info.plist in Resources */ = {isa = PBXBuildFile; fileRef = 984C21CA26B445C9006EEF4F /* GoogleService-Info.plist */; };
		984C21CD26B447C6006EEF4F /* Assets.xcassets in Resources */ = {isa = PBXBuildFile; fileRef = 86F39545210FA42600F209EC /* Assets.xcassets */; };
		984C21D026B44F4D006EEF4F /* FirebaseAnalytics in Frameworks */ = {isa = PBXBuildFile; productRef = 984C21CF26B44F4D006EEF4F /* FirebaseAnalytics */; };
		984C21D226B44F4D006EEF4F /* FirebaseStorage in Frameworks */ = {isa = PBXBuildFile; productRef = 984C21D126B44F4D006EEF4F /* FirebaseStorage */; };
		984C21D426B44F4D006EEF4F /* FirebaseAuth in Frameworks */ = {isa = PBXBuildFile; productRef = 984C21D326B44F4D006EEF4F /* FirebaseAuth */; };
		984C21D626B44F4D006EEF4F /* FirebaseDatabase in Frameworks */ = {isa = PBXBuildFile; productRef = 984C21D526B44F4D006EEF4F /* FirebaseDatabase */; };
		984C21D826B44F88006EEF4F /* FirebaseAnalytics in Frameworks */ = {isa = PBXBuildFile; productRef = 984C21D726B44F88006EEF4F /* FirebaseAnalytics */; };
		984C21DA26B44F8C006EEF4F /* FirebaseAuth in Frameworks */ = {isa = PBXBuildFile; productRef = 984C21D926B44F8C006EEF4F /* FirebaseAuth */; };
		984C21DC26B44F93006EEF4F /* FirebaseDatabase in Frameworks */ = {isa = PBXBuildFile; productRef = 984C21DB26B44F93006EEF4F /* FirebaseDatabase */; };
		984C21DE26B44F99006EEF4F /* FirebaseStorage in Frameworks */ = {isa = PBXBuildFile; productRef = 984C21DD26B44F99006EEF4F /* FirebaseStorage */; };
		9860ED6A26B4532400C1EC55 /* SwiftGraph in Frameworks */ = {isa = PBXBuildFile; productRef = 9860ED6926B4532400C1EC55 /* SwiftGraph */; };
		986A29192997FD3700879BCF /* AuthenticationServices.framework in Frameworks */ = {isa = PBXBuildFile; fileRef = 986A29182997FD3700879BCF /* AuthenticationServices.framework */; };
		986A291C2997FD3700879BCF /* AccountAuthenticationModificationViewController.swift in Sources */ = {isa = PBXBuildFile; fileRef = 986A291B2997FD3700879BCF /* AccountAuthenticationModificationViewController.swift */; };
		986A291F2997FD3700879BCF /* MainInterface.storyboard in Resources */ = {isa = PBXBuildFile; fileRef = 986A291D2997FD3700879BCF /* MainInterface.storyboard */; };
		986A29252997FD6200879BCF /* Clew2AppState.swift in Sources */ = {isa = PBXBuildFile; fileRef = 986A29242997FD6200879BCF /* Clew2AppState.swift */; };
		986A29282997FDE700879BCF /* Clew2AppController.swift in Sources */ = {isa = PBXBuildFile; fileRef = 986A29272997FDE700879BCF /* Clew2AppController.swift */; };
		986A292A2997FE8800879BCF /* Clew2App.swift in Sources */ = {isa = PBXBuildFile; fileRef = 986A29292997FE8800879BCF /* Clew2App.swift */; };
		986A292C29B3AA1200879BCF /* AppController.swift in Sources */ = {isa = PBXBuildFile; fileRef = 986A292B29B3AA1200879BCF /* AppController.swift */; };
		986A293029B3AD5200879BCF /* NavigateMapView.swift in Sources */ = {isa = PBXBuildFile; fileRef = 986A292F29B3AD5200879BCF /* NavigateMapView.swift */; };
		986A293229B3AD6800879BCF /* RecordMapView.swift in Sources */ = {isa = PBXBuildFile; fileRef = 986A293129B3AD6800879BCF /* RecordMapView.swift */; };
		986A293429B3AD9800879BCF /* MapRecorder.swift in Sources */ = {isa = PBXBuildFile; fileRef = 986A293329B3AD9800879BCF /* MapRecorder.swift */; };
		986A293629B3ADA400879BCF /* MapNavigator.swift in Sources */ = {isa = PBXBuildFile; fileRef = 986A293529B3ADA400879BCF /* MapNavigator.swift */; };
		98A859B8287F50B80017D09A /* DirectionFeeback.swift in Sources */ = {isa = PBXBuildFile; fileRef = 98A859B7287F50B80017D09A /* DirectionFeeback.swift */; };
		98A859BF288050440017D09A /* Localizable (en).strings in Resources */ = {isa = PBXBuildFile; fileRef = 98A859BE288050440017D09A /* Localizable (en).strings */; };
		98A859C0288050440017D09A /* Localizable (en).strings in Resources */ = {isa = PBXBuildFile; fileRef = 98A859BE288050440017D09A /* Localizable (en).strings */; };
		98A859C22886FBED0017D09A /* UserAccountView.swift in Sources */ = {isa = PBXBuildFile; fileRef = 98A859C12886FBED0017D09A /* UserAccountView.swift */; };
		98A859C32886FBED0017D09A /* UserAccountView.swift in Sources */ = {isa = PBXBuildFile; fileRef = 98A859C12886FBED0017D09A /* UserAccountView.swift */; };
		98A859CB2889C7530017D09A /* GetDirectionsButton.swift in Sources */ = {isa = PBXBuildFile; fileRef = 98A859CA2889C7530017D09A /* GetDirectionsButton.swift */; };
		98BF26A026AF4F9E0076427E /* AppleSignInController.swift in Sources */ = {isa = PBXBuildFile; fileRef = 98BF269526AF01F60076427E /* AppleSignInController.swift */; };
		98BF26A126AF4F9E0076427E /* AuthenticationHelper.swift in Sources */ = {isa = PBXBuildFile; fileRef = 98BF269726AF0A7E0076427E /* AuthenticationHelper.swift */; };
		98BF26A526B03EAA0076427E /* AppleSignInController.swift in Sources */ = {isa = PBXBuildFile; fileRef = 98BF269526AF01F60076427E /* AppleSignInController.swift */; };
		98BF26A626B03EB90076427E /* AuthenticationHelper.swift in Sources */ = {isa = PBXBuildFile; fileRef = 98BF269726AF0A7E0076427E /* AuthenticationHelper.swift */; };
		98D494872757D34700BF0279 /* AppleSignInController.swift in Sources */ = {isa = PBXBuildFile; fileRef = 98BF269526AF01F60076427E /* AppleSignInController.swift */; };
		98D494882757D34900BF0279 /* AuthenticationHelper.swift in Sources */ = {isa = PBXBuildFile; fileRef = 98BF269726AF0A7E0076427E /* AuthenticationHelper.swift */; };
		98E9BE982756BAE9001B5A2B /* ViewStructs.swift in Sources */ = {isa = PBXBuildFile; fileRef = 98E9BE972756BAE9001B5A2B /* ViewStructs.swift */; };
		98E9BE992756BAE9001B5A2B /* ViewStructs.swift in Sources */ = {isa = PBXBuildFile; fileRef = 98E9BE972756BAE9001B5A2B /* ViewStructs.swift */; };
		98E9BE9B2756C104001B5A2B /* SelectPathView.swift in Sources */ = {isa = PBXBuildFile; fileRef = 98E9BE9A2756C104001B5A2B /* SelectPathView.swift */; };
/* End PBXBuildFile section */

/* Begin PBXFileReference section */
		141497E52645A41700BF0ABC /* InstructionOverlay.swift */ = {isa = PBXFileReference; lastKnownFileType = sourcecode.swift; path = InstructionOverlay.swift; sourceTree = "<group>"; };
		141FF9C126499FCE00845059 /* ManageLocationsView.swift */ = {isa = PBXFileReference; lastKnownFileType = sourcecode.swift; path = ManageLocationsView.swift; sourceTree = "<group>"; };
		143011F82629D8AF0042FDFC /* AddLocationButton.swift */ = {isa = PBXFileReference; lastKnownFileType = sourcecode.swift; path = AddLocationButton.swift; sourceTree = "<group>"; };
		143011FD2629D8CD0042FDFC /* ManageLocationsButton.swift */ = {isa = PBXFileReference; lastKnownFileType = sourcecode.swift; path = ManageLocationsButton.swift; sourceTree = "<group>"; };
		1447B703262421CC00230A58 /* InvisibleMapCreator2.app */ = {isa = PBXFileReference; explicitFileType = wrapper.application; includeInIndex = 0; path = InvisibleMapCreator2.app; sourceTree = BUILT_PRODUCTS_DIR; };
		1447B705262421CC00230A58 /* InvisibleMapCreator2App.swift */ = {isa = PBXFileReference; lastKnownFileType = sourcecode.swift; path = InvisibleMapCreator2App.swift; sourceTree = "<group>"; };
		1447B709262421CF00230A58 /* Assets.xcassets */ = {isa = PBXFileReference; lastKnownFileType = folder.assetcatalog; path = Assets.xcassets; sourceTree = "<group>"; };
		1447B70C262421CF00230A58 /* Preview Assets.xcassets */ = {isa = PBXFileReference; lastKnownFileType = folder.assetcatalog; path = "Preview Assets.xcassets"; sourceTree = "<group>"; };
		1447B70E262421CF00230A58 /* Info.plist */ = {isa = PBXFileReference; lastKnownFileType = text.plist.xml; path = Info.plist; sourceTree = "<group>"; };
		1447B71E2624227600230A58 /* ARView.swift */ = {isa = PBXFileReference; fileEncoding = 4; lastKnownFileType = sourcecode.swift; path = ARView.swift; sourceTree = "<group>"; };
		1447B7412624229600230A58 /* ContentView.swift */ = {isa = PBXFileReference; lastKnownFileType = sourcecode.swift; path = ContentView.swift; sourceTree = "<group>"; };
		1447B7552624230200230A58 /* InvisibleMapCreatorController.swift */ = {isa = PBXFileReference; fileEncoding = 4; lastKnownFileType = sourcecode.swift; path = InvisibleMapCreatorController.swift; sourceTree = "<group>"; };
		1447B7562624230200230A58 /* StateType.swift */ = {isa = PBXFileReference; fileEncoding = 4; lastKnownFileType = sourcecode.swift; path = StateType.swift; sourceTree = "<group>"; };
		1447B7592624230200230A58 /* MapRecorder.swift */ = {isa = PBXFileReference; fileEncoding = 4; lastKnownFileType = sourcecode.swift; path = MapRecorder.swift; sourceTree = "<group>"; };
		14995FD626269B0900A7C78B /* SaveButton.swift */ = {isa = PBXFileReference; lastKnownFileType = sourcecode.swift; path = SaveButton.swift; sourceTree = "<group>"; };
		14995FE9262713EC00A7C78B /* RecordMapView.swift */ = {isa = PBXFileReference; lastKnownFileType = sourcecode.swift; path = RecordMapView.swift; sourceTree = "<group>"; };
		14E164722633523B0087A426 /* EditMapView.swift */ = {isa = PBXFileReference; lastKnownFileType = sourcecode.swift; path = EditMapView.swift; sourceTree = "<group>"; };
		1F131D71271F5FCC00568FEC /* FirebaseManager.swift */ = {isa = PBXFileReference; lastKnownFileType = sourcecode.swift; path = FirebaseManager.swift; sourceTree = "<group>"; };
		1F32376526AEF09D008B9A11 /* InvisibleMapCreator2.entitlements */ = {isa = PBXFileReference; lastKnownFileType = text.plist.entitlements; path = InvisibleMapCreator2.entitlements; sourceTree = "<group>"; };
		1F4C30C526A1D70C008CBE3C /* RecordTagButton.swift */ = {isa = PBXFileReference; lastKnownFileType = sourcecode.swift; path = RecordTagButton.swift; sourceTree = "<group>"; };
		1F64364E269DDD08007BD526 /* MemoryChecker.m */ = {isa = PBXFileReference; lastKnownFileType = sourcecode.c.objc; path = MemoryChecker.m; sourceTree = "<group>"; };
		1F643651269DDD92007BD526 /* MemoryChecker.h */ = {isa = PBXFileReference; lastKnownFileType = sourcecode.c.h; path = MemoryChecker.h; sourceTree = "<group>"; };
		1F77A35F26F2493A0044BE18 /* InvisibleMap2.app */ = {isa = PBXFileReference; explicitFileType = wrapper.application; includeInIndex = 0; path = InvisibleMap2.app; sourceTree = BUILT_PRODUCTS_DIR; };
		1F77A36126F2493A0044BE18 /* InvisibleMap2App.swift */ = {isa = PBXFileReference; lastKnownFileType = sourcecode.swift; path = InvisibleMap2App.swift; sourceTree = "<group>"; };
		1F77A36526F249480044BE18 /* Assets.xcassets */ = {isa = PBXFileReference; lastKnownFileType = folder.assetcatalog; path = Assets.xcassets; sourceTree = "<group>"; };
		1F77A36826F249480044BE18 /* Preview Assets.xcassets */ = {isa = PBXFileReference; lastKnownFileType = folder.assetcatalog; path = "Preview Assets.xcassets"; sourceTree = "<group>"; };
		1F77A36A26F249480044BE18 /* Info.plist */ = {isa = PBXFileReference; lastKnownFileType = text.plist.xml; path = Info.plist; sourceTree = "<group>"; };
		1F83DB69272C7AE800D0148F /* Utils.swift */ = {isa = PBXFileReference; lastKnownFileType = sourcecode.swift; path = Utils.swift; sourceTree = "<group>"; };
		1F83DB71273F02C100D0148F /* BaseNavigationView.swift */ = {isa = PBXFileReference; lastKnownFileType = sourcecode.swift; path = BaseNavigationView.swift; sourceTree = "<group>"; };
		1F83DB74273F081300D0148F /* NavigateMapView.swift */ = {isa = PBXFileReference; lastKnownFileType = sourcecode.swift; path = NavigateMapView.swift; sourceTree = "<group>"; };
		1FE46D7F27644F93001A3812 /* TagDetectionButton.swift */ = {isa = PBXFileReference; lastKnownFileType = sourcecode.swift; path = TagDetectionButton.swift; sourceTree = "<group>"; };
		1FE9717726FB89DB00DEB00A /* AppController.swift */ = {isa = PBXFileReference; lastKnownFileType = sourcecode.swift; path = AppController.swift; sourceTree = "<group>"; };
		1FE9717C26FB8B2D00DEB00A /* InvisibleMapController.swift */ = {isa = PBXFileReference; lastKnownFileType = sourcecode.swift; path = InvisibleMapController.swift; sourceTree = "<group>"; };
		1FE9718126FE50E400DEB00A /* MapNavigator.swift */ = {isa = PBXFileReference; lastKnownFileType = sourcecode.swift; path = MapNavigator.swift; sourceTree = "<group>"; };
		1FE9718F2703AC9600DEB00A /* Map.swift */ = {isa = PBXFileReference; lastKnownFileType = sourcecode.swift; path = Map.swift; sourceTree = "<group>"; };
		822FA78224E2F9750001F463 /* DebugHelpers.swift */ = {isa = PBXFileReference; lastKnownFileType = sourcecode.swift; path = DebugHelpers.swift; sourceTree = "<group>"; };
		822FA78524E2FB3E0001F463 /* AprilTagTracker.swift */ = {isa = PBXFileReference; lastKnownFileType = sourcecode.swift; path = AprilTagTracker.swift; sourceTree = "<group>"; };
		82A8259E24B3854000AFC390 /* simd+ext.swift */ = {isa = PBXFileReference; lastKnownFileType = sourcecode.swift; path = "simd+ext.swift"; sourceTree = "<group>"; };
		86112CCC211B805300736960 /* ChooseMapViewController.swift */ = {isa = PBXFileReference; lastKnownFileType = sourcecode.swift; path = ChooseMapViewController.swift; sourceTree = "<group>"; };
		86112CD2211B837200736960 /* ChooseMapTableViewCell.swift */ = {isa = PBXFileReference; lastKnownFileType = sourcecode.swift; path = ChooseMapTableViewCell.swift; sourceTree = "<group>"; };
		8630963B21125E89003D4434 /* opencv2.framework */ = {isa = PBXFileReference; lastKnownFileType = wrapper.framework; path = opencv2.framework; sourceTree = "<group>"; };
		86616BC42113369200DD565C /* visp3.framework */ = {isa = PBXFileReference; lastKnownFileType = wrapper.framework; path = visp3.framework; sourceTree = "<group>"; };
		868CBA4421133939007343B4 /* ImageDisplay.h */ = {isa = PBXFileReference; fileEncoding = 4; lastKnownFileType = sourcecode.c.h; path = ImageDisplay.h; sourceTree = "<group>"; };
		868CBA4521133939007343B4 /* ImageConversion.mm */ = {isa = PBXFileReference; fileEncoding = 4; lastKnownFileType = sourcecode.cpp.objcpp; path = ImageConversion.mm; sourceTree = "<group>"; };
		868CBA4621133939007343B4 /* ImageConversion.h */ = {isa = PBXFileReference; fileEncoding = 4; lastKnownFileType = sourcecode.c.h; path = ImageConversion.h; sourceTree = "<group>"; };
		868CBA4721133939007343B4 /* ImageDisplay.mm */ = {isa = PBXFileReference; fileEncoding = 4; lastKnownFileType = sourcecode.cpp.objcpp; path = ImageDisplay.mm; sourceTree = "<group>"; };
		868CBA4A2113394B007343B4 /* main.m */ = {isa = PBXFileReference; fileEncoding = 4; lastKnownFileType = sourcecode.c.objc; path = main.m; sourceTree = "<group>"; };
		868CBA4B2113394B007343B4 /* TagFinder.h */ = {isa = PBXFileReference; fileEncoding = 4; lastKnownFileType = sourcecode.c.h; path = TagFinder.h; sourceTree = "<group>"; };
		868CBA4C2113394B007343B4 /* TagFinder.mm */ = {isa = PBXFileReference; fileEncoding = 4; lastKnownFileType = sourcecode.cpp.objcpp; path = TagFinder.mm; sourceTree = "<group>"; };
		868CBA4D2113394B007343B4 /* TagFinder-Swift.h */ = {isa = PBXFileReference; fileEncoding = 4; lastKnownFileType = sourcecode.c.h; path = "TagFinder-Swift.h"; sourceTree = "<group>"; };
		86A84771210FA6440004C325 /* GoogleService-Info.plist */ = {isa = PBXFileReference; fileEncoding = 4; lastKnownFileType = text.plist.xml; path = "GoogleService-Info.plist"; sourceTree = "<group>"; };
		86F3953B210FA42500F209EC /* InvisibleMap.app */ = {isa = PBXFileReference; explicitFileType = wrapper.application; includeInIndex = 0; path = InvisibleMap.app; sourceTree = BUILT_PRODUCTS_DIR; };
		86F3953E210FA42500F209EC /* AppDelegate.swift */ = {isa = PBXFileReference; lastKnownFileType = sourcecode.swift; path = AppDelegate.swift; sourceTree = "<group>"; };
		86F39540210FA42500F209EC /* ViewController.swift */ = {isa = PBXFileReference; lastKnownFileType = sourcecode.swift; path = ViewController.swift; sourceTree = "<group>"; };
		86F39543210FA42500F209EC /* Base */ = {isa = PBXFileReference; lastKnownFileType = file.storyboard; name = Base; path = Base.lproj/Main.storyboard; sourceTree = "<group>"; };
		86F39545210FA42600F209EC /* Assets.xcassets */ = {isa = PBXFileReference; lastKnownFileType = folder.assetcatalog; path = Assets.xcassets; sourceTree = "<group>"; };
		86F39548210FA42600F209EC /* Base */ = {isa = PBXFileReference; lastKnownFileType = file.storyboard; name = Base; path = Base.lproj/LaunchScreen.storyboard; sourceTree = "<group>"; };
		86F3954A210FA42600F209EC /* Info.plist */ = {isa = PBXFileReference; lastKnownFileType = text.plist.xml; path = Info.plist; sourceTree = "<group>"; };
		86F39553210FA42600F209EC /* InvisibleMapTests.swift */ = {isa = PBXFileReference; lastKnownFileType = sourcecode.swift; path = InvisibleMapTests.swift; sourceTree = "<group>"; };
		86F39555210FA42600F209EC /* Info.plist */ = {isa = PBXFileReference; lastKnownFileType = text.plist.xml; path = Info.plist; sourceTree = "<group>"; };
		98082AB32864FECB009E808C /* MenuView.swift */ = {isa = PBXFileReference; lastKnownFileType = sourcecode.swift; path = MenuView.swift; sourceTree = "<group>"; };
		98082ABE286B6F25009E808C /* LocationListView.swift */ = {isa = PBXFileReference; lastKnownFileType = sourcecode.swift; path = LocationListView.swift; sourceTree = "<group>"; };
		98082AC2286CB6AC009E808C /* MapNavigateExitButton.swift */ = {isa = PBXFileReference; lastKnownFileType = sourcecode.swift; path = MapNavigateExitButton.swift; sourceTree = "<group>"; };
		98082AC4286CBDE4009E808C /* InvisibleMapAppState.swift */ = {isa = PBXFileReference; lastKnownFileType = sourcecode.swift; path = InvisibleMapAppState.swift; sourceTree = "<group>"; };
		98082AC6286CBEE1009E808C /* CreatorExitButton.swift */ = {isa = PBXFileReference; lastKnownFileType = sourcecode.swift; path = CreatorExitButton.swift; sourceTree = "<group>"; };
		98082AC8286CBF6B009E808C /* CreatorAppState.swift */ = {isa = PBXFileReference; lastKnownFileType = sourcecode.swift; path = CreatorAppState.swift; sourceTree = "<group>"; };
		98211C9D28724C5A0027860B /* HelpView.swift */ = {isa = PBXFileReference; lastKnownFileType = sourcecode.swift; path = HelpView.swift; sourceTree = "<group>"; };
		98211CA1287258E60027860B /* SettingsView.swift */ = {isa = PBXFileReference; lastKnownFileType = sourcecode.swift; path = SettingsView.swift; sourceTree = "<group>"; };
		98211CA428725A620027860B /* FeedbackView.swift */ = {isa = PBXFileReference; lastKnownFileType = sourcecode.swift; path = FeedbackView.swift; sourceTree = "<group>"; };
		984C21CA26B445C9006EEF4F /* GoogleService-Info.plist */ = {isa = PBXFileReference; fileEncoding = 4; lastKnownFileType = text.plist.xml; path = "GoogleService-Info.plist"; sourceTree = "<group>"; };
		986A29172997FD3700879BCF /* Clew 2.0.appex */ = {isa = PBXFileReference; explicitFileType = "wrapper.app-extension"; includeInIndex = 0; path = "Clew 2.0.appex"; sourceTree = BUILT_PRODUCTS_DIR; };
		986A29182997FD3700879BCF /* AuthenticationServices.framework */ = {isa = PBXFileReference; lastKnownFileType = wrapper.framework; name = AuthenticationServices.framework; path = System/Library/Frameworks/AuthenticationServices.framework; sourceTree = SDKROOT; };
		986A291B2997FD3700879BCF /* AccountAuthenticationModificationViewController.swift */ = {isa = PBXFileReference; lastKnownFileType = sourcecode.swift; path = AccountAuthenticationModificationViewController.swift; sourceTree = "<group>"; };
		986A291E2997FD3700879BCF /* Base */ = {isa = PBXFileReference; lastKnownFileType = file.storyboard; name = Base; path = Base.lproj/MainInterface.storyboard; sourceTree = "<group>"; };
		986A29202997FD3700879BCF /* Info.plist */ = {isa = PBXFileReference; lastKnownFileType = text.plist.xml; path = Info.plist; sourceTree = "<group>"; };
		986A29242997FD6200879BCF /* Clew2AppState.swift */ = {isa = PBXFileReference; lastKnownFileType = sourcecode.swift; path = Clew2AppState.swift; sourceTree = "<group>"; };
		986A29272997FDE700879BCF /* Clew2AppController.swift */ = {isa = PBXFileReference; lastKnownFileType = sourcecode.swift; path = Clew2AppController.swift; sourceTree = "<group>"; };
		986A29292997FE8800879BCF /* Clew2App.swift */ = {isa = PBXFileReference; lastKnownFileType = sourcecode.swift; path = Clew2App.swift; sourceTree = "<group>"; };
		986A292B29B3AA1200879BCF /* AppController.swift */ = {isa = PBXFileReference; lastKnownFileType = sourcecode.swift; path = AppController.swift; sourceTree = "<group>"; };
		986A292F29B3AD5200879BCF /* NavigateMapView.swift */ = {isa = PBXFileReference; lastKnownFileType = sourcecode.swift; path = NavigateMapView.swift; sourceTree = "<group>"; };
		986A293129B3AD6800879BCF /* RecordMapView.swift */ = {isa = PBXFileReference; lastKnownFileType = sourcecode.swift; path = RecordMapView.swift; sourceTree = "<group>"; };
		986A293329B3AD9800879BCF /* MapRecorder.swift */ = {isa = PBXFileReference; lastKnownFileType = sourcecode.swift; path = MapRecorder.swift; sourceTree = "<group>"; };
		986A293529B3ADA400879BCF /* MapNavigator.swift */ = {isa = PBXFileReference; lastKnownFileType = sourcecode.swift; path = MapNavigator.swift; sourceTree = "<group>"; };
		98A859B7287F50B80017D09A /* DirectionFeeback.swift */ = {isa = PBXFileReference; lastKnownFileType = sourcecode.swift; path = DirectionFeeback.swift; sourceTree = "<group>"; };
		98A859B9287F5BBF0017D09A /* InvisibleMap2Release.entitlements */ = {isa = PBXFileReference; lastKnownFileType = text.plist.entitlements; path = InvisibleMap2Release.entitlements; sourceTree = "<group>"; };
		98A859BE288050440017D09A /* Localizable (en).strings */ = {isa = PBXFileReference; lastKnownFileType = text.plist.strings; path = "Localizable (en).strings"; sourceTree = "<group>"; };
		98A859C12886FBED0017D09A /* UserAccountView.swift */ = {isa = PBXFileReference; lastKnownFileType = sourcecode.swift; path = UserAccountView.swift; sourceTree = "<group>"; };
		98A859CA2889C7530017D09A /* GetDirectionsButton.swift */ = {isa = PBXFileReference; lastKnownFileType = sourcecode.swift; path = GetDirectionsButton.swift; sourceTree = "<group>"; };
		98BF269526AF01F60076427E /* AppleSignInController.swift */ = {isa = PBXFileReference; lastKnownFileType = sourcecode.swift; path = AppleSignInController.swift; sourceTree = "<group>"; };
		98BF269726AF0A7E0076427E /* AuthenticationHelper.swift */ = {isa = PBXFileReference; lastKnownFileType = sourcecode.swift; path = AuthenticationHelper.swift; sourceTree = "<group>"; };
		98BF269926AF14D50076427E /* InvisibleMap.entitlements */ = {isa = PBXFileReference; lastKnownFileType = text.plist.entitlements; path = InvisibleMap.entitlements; sourceTree = "<group>"; };
		98E9BE972756BAE9001B5A2B /* ViewStructs.swift */ = {isa = PBXFileReference; lastKnownFileType = sourcecode.swift; path = ViewStructs.swift; sourceTree = "<group>"; };
		98E9BE9A2756C104001B5A2B /* SelectPathView.swift */ = {isa = PBXFileReference; lastKnownFileType = sourcecode.swift; path = SelectPathView.swift; sourceTree = "<group>"; };
/* End PBXFileReference section */

/* Begin PBXFrameworksBuildPhase section */
		1447B700262421CC00230A58 /* Frameworks */ = {
			isa = PBXFrameworksBuildPhase;
			buildActionMask = 2147483647;
			files = (
				1F131D7D27288FA400568FEC /* SwiftGraph in Frameworks */,
				984C21DC26B44F93006EEF4F /* FirebaseDatabase in Frameworks */,
				14995FC826263BB700A7C78B /* opencv2.framework in Frameworks */,
				984C21DA26B44F8C006EEF4F /* FirebaseAuth in Frameworks */,
				14995FC426263BA800A7C78B /* visp3.framework in Frameworks */,
				984C21DE26B44F99006EEF4F /* FirebaseStorage in Frameworks */,
				984C21D826B44F88006EEF4F /* FirebaseAnalytics in Frameworks */,
			);
			runOnlyForDeploymentPostprocessing = 0;
		};
		1F77A35C26F2493A0044BE18 /* Frameworks */ = {
			isa = PBXFrameworksBuildPhase;
			buildActionMask = 2147483647;
			files = (
				1FE9718A26FE62F000DEB00A /* opencv2.framework in Frameworks */,
				1FE9718826FE62E900DEB00A /* visp3.framework in Frameworks */,
				1F131D79271F60B000568FEC /* FirebaseAnalytics in Frameworks */,
				1F131D75271F607A00568FEC /* FirebaseDatabase in Frameworks */,
				1F131D77271F608100568FEC /* FirebaseStorage in Frameworks */,
				1F131D7B271F60B500568FEC /* FirebaseAuth in Frameworks */,
				1FE971922704D8AE00DEB00A /* SwiftGraph in Frameworks */,
			);
			runOnlyForDeploymentPostprocessing = 0;
		};
		86F39538210FA42500F209EC /* Frameworks */ = {
			isa = PBXFrameworksBuildPhase;
			buildActionMask = 2147483647;
			files = (
				9860ED6A26B4532400C1EC55 /* SwiftGraph in Frameworks */,
				86616BC52113369200DD565C /* visp3.framework in Frameworks */,
				984C21D426B44F4D006EEF4F /* FirebaseAuth in Frameworks */,
				8630963C21125E89003D4434 /* opencv2.framework in Frameworks */,
				984C21D026B44F4D006EEF4F /* FirebaseAnalytics in Frameworks */,
				984C21D226B44F4D006EEF4F /* FirebaseStorage in Frameworks */,
				984C21D626B44F4D006EEF4F /* FirebaseDatabase in Frameworks */,
			);
			runOnlyForDeploymentPostprocessing = 0;
		};
		986A29142997FD3700879BCF /* Frameworks */ = {
			isa = PBXFrameworksBuildPhase;
			buildActionMask = 2147483647;
			files = (
				986A29192997FD3700879BCF /* AuthenticationServices.framework in Frameworks */,
			);
			runOnlyForDeploymentPostprocessing = 0;
		};
/* End PBXFrameworksBuildPhase section */

/* Begin PBXGroup section */
		126D761BA492BEFEDB8E7347 /* Frameworks */ = {
			isa = PBXGroup;
			children = (
				86616BC42113369200DD565C /* visp3.framework */,
				8630963B21125E89003D4434 /* opencv2.framework */,
				986A29182997FD3700879BCF /* AuthenticationServices.framework */,
			);
			name = Frameworks;
			sourceTree = "<group>";
		};
		1447B704262421CC00230A58 /* InvisibleMapCreator2 */ = {
			isa = PBXGroup;
			children = (
				984C21CA26B445C9006EEF4F /* GoogleService-Info.plist */,
				1F32376526AEF09D008B9A11 /* InvisibleMapCreator2.entitlements */,
				1447B705262421CC00230A58 /* InvisibleMapCreator2App.swift */,
				1447B7402624227E00230A58 /* Views */,
				1447B749262422AB00230A58 /* State Machine */,
				1447B709262421CF00230A58 /* Assets.xcassets */,
				1447B70E262421CF00230A58 /* Info.plist */,
				1447B70B262421CF00230A58 /* Preview Content */,
			);
			path = InvisibleMapCreator2;
			sourceTree = "<group>";
		};
		1447B70B262421CF00230A58 /* Preview Content */ = {
			isa = PBXGroup;
			children = (
				1447B70C262421CF00230A58 /* Preview Assets.xcassets */,
			);
			path = "Preview Content";
			sourceTree = "<group>";
		};
		1447B71F2624227600230A58 /* Record Map Subviews */ = {
			isa = PBXGroup;
			children = (
				98082AC6286CBEE1009E808C /* CreatorExitButton.swift */,
				14995FD626269B0900A7C78B /* SaveButton.swift */,
				143011F82629D8AF0042FDFC /* AddLocationButton.swift */,
				143011FD2629D8CD0042FDFC /* ManageLocationsButton.swift */,
				141FF9C126499FCE00845059 /* ManageLocationsView.swift */,
				1F4C30C526A1D70C008CBE3C /* RecordTagButton.swift */,
			);
			path = "Record Map Subviews";
			sourceTree = "<group>";
		};
		1447B7402624227E00230A58 /* Views */ = {
			isa = PBXGroup;
			children = (
				14E164722633523B0087A426 /* EditMapView.swift */,
				14995FE9262713EC00A7C78B /* RecordMapView.swift */,
				98082AC0286B6F5B009E808C /* Edit Map Subviews */,
				1447B71F2624227600230A58 /* Record Map Subviews */,
			);
			path = Views;
			sourceTree = "<group>";
		};
		1447B749262422AB00230A58 /* State Machine */ = {
			isa = PBXGroup;
			children = (
				98082AC8286CBF6B009E808C /* CreatorAppState.swift */,
				1447B7552624230200230A58 /* InvisibleMapCreatorController.swift */,
				1447B7582624230200230A58 /* Controllers */,
			);
			path = "State Machine";
			sourceTree = "<group>";
		};
		1447B7582624230200230A58 /* Controllers */ = {
			isa = PBXGroup;
			children = (
				1447B7592624230200230A58 /* MapRecorder.swift */,
			);
			path = Controllers;
			sourceTree = "<group>";
		};
		1F64364A269DD75B007BD526 /* Utils */ = {
			isa = PBXGroup;
			children = (
				98BF269A26AF2E4F0076427E /* Authentication */,
				1FE9718F2703AC9600DEB00A /* Map.swift */,
				868CBA4D2113394B007343B4 /* TagFinder-Swift.h */,
				868CBA4B2113394B007343B4 /* TagFinder.h */,
				868CBA4C2113394B007343B4 /* TagFinder.mm */,
				868CBA4421133939007343B4 /* ImageDisplay.h */,
				868CBA4721133939007343B4 /* ImageDisplay.mm */,
				868CBA4621133939007343B4 /* ImageConversion.h */,
				868CBA4521133939007343B4 /* ImageConversion.mm */,
				1F64364E269DDD08007BD526 /* MemoryChecker.m */,
				1F643651269DDD92007BD526 /* MemoryChecker.h */,
				1F131D71271F5FCC00568FEC /* FirebaseManager.swift */,
				1F83DB69272C7AE800D0148F /* Utils.swift */,
			);
			path = Utils;
			sourceTree = "<group>";
		};
		1F77A36026F2493A0044BE18 /* InvisibleMap2 */ = {
			isa = PBXGroup;
			children = (
				98A859B9287F5BBF0017D09A /* InvisibleMap2Release.entitlements */,
				1F83DB6C273EF8D800D0148F /* Views */,
				1F77A36F26F251A90044BE18 /* State Machine */,
				1F77A36126F2493A0044BE18 /* InvisibleMap2App.swift */,
				1F77A36526F249480044BE18 /* Assets.xcassets */,
				1F77A36A26F249480044BE18 /* Info.plist */,
				1F77A36726F249480044BE18 /* Preview Content */,
			);
			path = InvisibleMap2;
			sourceTree = "<group>";
		};
		1F77A36726F249480044BE18 /* Preview Content */ = {
			isa = PBXGroup;
			children = (
				1F77A36826F249480044BE18 /* Preview Assets.xcassets */,
			);
			path = "Preview Content";
			sourceTree = "<group>";
		};
		1F77A36F26F251A90044BE18 /* State Machine */ = {
			isa = PBXGroup;
			children = (
				98082AC4286CBDE4009E808C /* InvisibleMapAppState.swift */,
				1FE9717C26FB8B2D00DEB00A /* InvisibleMapController.swift */,
				1FE9718026FE50C800DEB00A /* Controllers */,
			);
			path = "State Machine";
			sourceTree = "<group>";
		};
		1F83DB6C273EF8D800D0148F /* Views */ = {
			isa = PBXGroup;
			children = (
				1F83DB74273F081300D0148F /* NavigateMapView.swift */,
				98E9BE9A2756C104001B5A2B /* SelectPathView.swift */,
				1FE46D7E27644F72001A3812 /* NavigateMap Subviews */,
			);
			path = Views;
			sourceTree = "<group>";
		};
		1F83DB6F273EFBDA00D0148F /* Views */ = {
			isa = PBXGroup;
			children = (
				1447B71E2624227600230A58 /* ARView.swift */,
				1447B7412624229600230A58 /* ContentView.swift */,
				1F83DB71273F02C100D0148F /* BaseNavigationView.swift */,
				98E9BE972756BAE9001B5A2B /* ViewStructs.swift */,
				98082AB32864FECB009E808C /* MenuView.swift */,
				98211CA028724C6B0027860B /* Menu Subviews */,
				141497E52645A41700BF0ABC /* InstructionOverlay.swift */,
			);
			path = Views;
			sourceTree = "<group>";
		};
		1FE46D7E27644F72001A3812 /* NavigateMap Subviews */ = {
			isa = PBXGroup;
			children = (
				1FE46D7F27644F93001A3812 /* TagDetectionButton.swift */,
				98082AC2286CB6AC009E808C /* MapNavigateExitButton.swift */,
				98A859CA2889C7530017D09A /* GetDirectionsButton.swift */,
			);
			path = "NavigateMap Subviews";
			sourceTree = "<group>";
		};
		1FE9717526FB881F00DEB00A /* State Machine */ = {
			isa = PBXGroup;
			children = (
				1447B7562624230200230A58 /* StateType.swift */,
				1FE9717726FB89DB00DEB00A /* AppController.swift */,
			);
			path = "State Machine";
			sourceTree = "<group>";
		};
		1FE9718026FE50C800DEB00A /* Controllers */ = {
			isa = PBXGroup;
			children = (
				1FE9718126FE50E400DEB00A /* MapNavigator.swift */,
				98A859B7287F50B80017D09A /* DirectionFeeback.swift */,
			);
			path = Controllers;
			sourceTree = "<group>";
		};
		86F39532210FA42500F209EC = {
			isa = PBXGroup;
			children = (
				1F83DB6F273EFBDA00D0148F /* Views */,
				1F64364A269DD75B007BD526 /* Utils */,
				1FE9717526FB881F00DEB00A /* State Machine */,
				98A859BD2880501E0017D09A /* Localizations */,
				86F3953D210FA42500F209EC /* InvisibleMap */,
				86F39552210FA42600F209EC /* InvisibleMapTests */,
				1447B704262421CC00230A58 /* InvisibleMapCreator2 */,
				1F77A36026F2493A0044BE18 /* InvisibleMap2 */,
				986A291A2997FD3700879BCF /* Clew 2.0 */,
				86F3953C210FA42500F209EC /* Products */,
				126D761BA492BEFEDB8E7347 /* Frameworks */,
			);
			sourceTree = "<group>";
		};
		86F3953C210FA42500F209EC /* Products */ = {
			isa = PBXGroup;
			children = (
				86F3953B210FA42500F209EC /* InvisibleMap.app */,
				1447B703262421CC00230A58 /* InvisibleMapCreator2.app */,
				1F77A35F26F2493A0044BE18 /* InvisibleMap2.app */,
				986A29172997FD3700879BCF /* Clew 2.0.appex */,
			);
			name = Products;
			sourceTree = "<group>";
		};
		86F3953D210FA42500F209EC /* InvisibleMap */ = {
			isa = PBXGroup;
			children = (
				98BF269926AF14D50076427E /* InvisibleMap.entitlements */,
				868CBA4A2113394B007343B4 /* main.m */,
				86112CCC211B805300736960 /* ChooseMapViewController.swift */,
				86F3953E210FA42500F209EC /* AppDelegate.swift */,
				86F39540210FA42500F209EC /* ViewController.swift */,
				822FA78524E2FB3E0001F463 /* AprilTagTracker.swift */,
				822FA78224E2F9750001F463 /* DebugHelpers.swift */,
				82A8259E24B3854000AFC390 /* simd+ext.swift */,
				86F39542210FA42500F209EC /* Main.storyboard */,
				86112CD2211B837200736960 /* ChooseMapTableViewCell.swift */,
				86F39547210FA42600F209EC /* LaunchScreen.storyboard */,
				86F39545210FA42600F209EC /* Assets.xcassets */,
				86F3954A210FA42600F209EC /* Info.plist */,
				86A84771210FA6440004C325 /* GoogleService-Info.plist */,
			);
			path = InvisibleMap;
			sourceTree = "<group>";
		};
		86F39552210FA42600F209EC /* InvisibleMapTests */ = {
			isa = PBXGroup;
			children = (
				86F39553210FA42600F209EC /* InvisibleMapTests.swift */,
				86F39555210FA42600F209EC /* Info.plist */,
			);
			path = InvisibleMapTests;
			sourceTree = "<group>";
		};
		98082AC0286B6F5B009E808C /* Edit Map Subviews */ = {
			isa = PBXGroup;
			children = (
				98082ABE286B6F25009E808C /* LocationListView.swift */,
			);
			path = "Edit Map Subviews";
			sourceTree = "<group>";
		};
		98211CA028724C6B0027860B /* Menu Subviews */ = {
			isa = PBXGroup;
			children = (
				98A859C12886FBED0017D09A /* UserAccountView.swift */,
				98211C9D28724C5A0027860B /* HelpView.swift */,
				98211CA1287258E60027860B /* SettingsView.swift */,
				98211CA428725A620027860B /* FeedbackView.swift */,
			);
			path = "Menu Subviews";
			sourceTree = "<group>";
		};
		986A291A2997FD3700879BCF /* Clew 2.0 */ = {
			isa = PBXGroup;
			children = (
				986A292D29B3AD2C00879BCF /* Views */,
				986A29262997FDCF00879BCF /* State Machine */,
				986A291B2997FD3700879BCF /* AccountAuthenticationModificationViewController.swift */,
				986A291D2997FD3700879BCF /* MainInterface.storyboard */,
				986A29202997FD3700879BCF /* Info.plist */,
				986A29292997FE8800879BCF /* Clew2App.swift */,
				986A292B29B3AA1200879BCF /* AppController.swift */,
			);
			path = "Clew 2.0";
			sourceTree = "<group>";
		};
		986A29262997FDCF00879BCF /* State Machine */ = {
			isa = PBXGroup;
			children = (
				986A29242997FD6200879BCF /* Clew2AppState.swift */,
				986A29272997FDE700879BCF /* Clew2AppController.swift */,
				986A292E29B3AD3500879BCF /* Controllers */,
			);
			path = "State Machine";
			sourceTree = "<group>";
		};
		986A292D29B3AD2C00879BCF /* Views */ = {
			isa = PBXGroup;
			children = (
				986A292F29B3AD5200879BCF /* NavigateMapView.swift */,
				986A293129B3AD6800879BCF /* RecordMapView.swift */,
			);
			path = Views;
			sourceTree = "<group>";
		};
		986A292E29B3AD3500879BCF /* Controllers */ = {
			isa = PBXGroup;
			children = (
				986A293329B3AD9800879BCF /* MapRecorder.swift */,
				986A293529B3ADA400879BCF /* MapNavigator.swift */,
			);
			path = Controllers;
			sourceTree = "<group>";
		};
		98A859BD2880501E0017D09A /* Localizations */ = {
			isa = PBXGroup;
			children = (
				98A859BE288050440017D09A /* Localizable (en).strings */,
			);
			path = Localizations;
			sourceTree = "<group>";
		};
		98BF269A26AF2E4F0076427E /* Authentication */ = {
			isa = PBXGroup;
			children = (
				98BF269526AF01F60076427E /* AppleSignInController.swift */,
				98BF269726AF0A7E0076427E /* AuthenticationHelper.swift */,
			);
			path = Authentication;
			sourceTree = "<group>";
		};
/* End PBXGroup section */

/* Begin PBXNativeTarget section */
		1447B702262421CC00230A58 /* InvisibleMapCreator2 */ = {
			isa = PBXNativeTarget;
			buildConfigurationList = 1447B711262421CF00230A58 /* Build configuration list for PBXNativeTarget "InvisibleMapCreator2" */;
			buildPhases = (
				1447B6FF262421CC00230A58 /* Sources */,
				1447B700262421CC00230A58 /* Frameworks */,
				1447B701262421CC00230A58 /* Resources */,
			);
			buildRules = (
			);
			dependencies = (
			);
			name = InvisibleMapCreator2;
			packageProductDependencies = (
				984C21D726B44F88006EEF4F /* FirebaseAnalytics */,
				984C21D926B44F8C006EEF4F /* FirebaseAuth */,
				984C21DB26B44F93006EEF4F /* FirebaseDatabase */,
				984C21DD26B44F99006EEF4F /* FirebaseStorage */,
				1F131D7C27288FA400568FEC /* SwiftGraph */,
			);
			productName = InvisibleMapCreator2;
			productReference = 1447B703262421CC00230A58 /* InvisibleMapCreator2.app */;
			productType = "com.apple.product-type.application";
		};
		1F77A35E26F2493A0044BE18 /* InvisibleMap2 */ = {
			isa = PBXNativeTarget;
			buildConfigurationList = 1F77A36D26F249480044BE18 /* Build configuration list for PBXNativeTarget "InvisibleMap2" */;
			buildPhases = (
				1F77A35B26F2493A0044BE18 /* Sources */,
				1F77A35C26F2493A0044BE18 /* Frameworks */,
				1F77A35D26F2493A0044BE18 /* Resources */,
			);
			buildRules = (
			);
			dependencies = (
			);
			name = InvisibleMap2;
			packageProductDependencies = (
				1FE971912704D8AE00DEB00A /* SwiftGraph */,
				1F131D74271F607A00568FEC /* FirebaseDatabase */,
				1F131D76271F608100568FEC /* FirebaseStorage */,
				1F131D78271F60B000568FEC /* FirebaseAnalytics */,
				1F131D7A271F60B500568FEC /* FirebaseAuth */,
			);
			productName = InvisibleMap2;
			productReference = 1F77A35F26F2493A0044BE18 /* InvisibleMap2.app */;
			productType = "com.apple.product-type.application";
		};
		86F3953A210FA42500F209EC /* InvisibleMap */ = {
			isa = PBXNativeTarget;
			buildConfigurationList = 86F39558210FA42600F209EC /* Build configuration list for PBXNativeTarget "InvisibleMap" */;
			buildPhases = (
				86F39537210FA42500F209EC /* Sources */,
				86F39538210FA42500F209EC /* Frameworks */,
				86F39539210FA42500F209EC /* Resources */,
			);
			buildRules = (
			);
			dependencies = (
			);
			name = InvisibleMap;
			packageProductDependencies = (
				984C21CF26B44F4D006EEF4F /* FirebaseAnalytics */,
				984C21D126B44F4D006EEF4F /* FirebaseStorage */,
				984C21D326B44F4D006EEF4F /* FirebaseAuth */,
				984C21D526B44F4D006EEF4F /* FirebaseDatabase */,
				9860ED6926B4532400C1EC55 /* SwiftGraph */,
			);
			productName = InvisibleMap;
			productReference = 86F3953B210FA42500F209EC /* InvisibleMap.app */;
			productType = "com.apple.product-type.application";
		};
		986A29162997FD3700879BCF /* Clew 2.0 */ = {
			isa = PBXNativeTarget;
			buildConfigurationList = 986A29212997FD3700879BCF /* Build configuration list for PBXNativeTarget "Clew 2.0" */;
			buildPhases = (
				986A29132997FD3700879BCF /* Sources */,
				986A29142997FD3700879BCF /* Frameworks */,
				986A29152997FD3700879BCF /* Resources */,
			);
			buildRules = (
			);
			dependencies = (
			);
			name = "Clew 2.0";
			productName = "Clew 2.0";
			productReference = 986A29172997FD3700879BCF /* Clew 2.0.appex */;
			productType = "com.apple.product-type.app-extension";
		};
/* End PBXNativeTarget section */

/* Begin PBXProject section */
		86F39533210FA42500F209EC /* Project object */ = {
			isa = PBXProject;
			attributes = {
				DefaultBuildSystemTypeForWorkspace = Latest;
				LastSwiftUpdateCheck = 1340;
				LastUpgradeCheck = 1340;
				ORGANIZATIONNAME = "Occam Lab";
				TargetAttributes = {
					1447B702262421CC00230A58 = {
						CreatedOnToolsVersion = 12.4;
					};
					1F77A35E26F2493A0044BE18 = {
						CreatedOnToolsVersion = 12.5;
					};
					86F3953A210FA42500F209EC = {
						CreatedOnToolsVersion = 9.4.1;
						LastSwiftMigration = 0940;
					};
					986A29162997FD3700879BCF = {
						CreatedOnToolsVersion = 13.4.1;
					};
				};
			};
			buildConfigurationList = 86F39536210FA42500F209EC /* Build configuration list for PBXProject "InvisibleMap" */;
			compatibilityVersion = "Xcode 9.3";
			developmentRegion = en;
			hasScannedForEncodings = 0;
			knownRegions = (
				en,
				Base,
			);
			mainGroup = 86F39532210FA42500F209EC;
			packageReferences = (
				984C21CE26B44F4D006EEF4F /* XCRemoteSwiftPackageReference "firebase-ios-sdk" */,
				9860ED6826B4532400C1EC55 /* XCRemoteSwiftPackageReference "SwiftGraph" */,
			);
			productRefGroup = 86F3953C210FA42500F209EC /* Products */;
			projectDirPath = "";
			projectRoot = "";
			targets = (
				86F3953A210FA42500F209EC /* InvisibleMap */,
				1447B702262421CC00230A58 /* InvisibleMapCreator2 */,
				1F77A35E26F2493A0044BE18 /* InvisibleMap2 */,
				986A29162997FD3700879BCF /* Clew 2.0 */,
			);
		};
/* End PBXProject section */

/* Begin PBXResourcesBuildPhase section */
		1447B701262421CC00230A58 /* Resources */ = {
			isa = PBXResourcesBuildPhase;
			buildActionMask = 2147483647;
			files = (
				1447B70D262421CF00230A58 /* Preview Assets.xcassets in Resources */,
				1447B70A262421CF00230A58 /* Assets.xcassets in Resources */,
				984C21CB26B445C9006EEF4F /* GoogleService-Info.plist in Resources */,
				98A859BF288050440017D09A /* Localizable (en).strings in Resources */,
			);
			runOnlyForDeploymentPostprocessing = 0;
		};
		1F77A35D26F2493A0044BE18 /* Resources */ = {
			isa = PBXResourcesBuildPhase;
			buildActionMask = 2147483647;
			files = (
				1F77A36926F249480044BE18 /* Preview Assets.xcassets in Resources */,
				1F77A36626F249480044BE18 /* Assets.xcassets in Resources */,
				1F83DB76275AADA200D0148F /* GoogleService-Info.plist in Resources */,
				98A859C0288050440017D09A /* Localizable (en).strings in Resources */,
			);
			runOnlyForDeploymentPostprocessing = 0;
		};
		86F39539210FA42500F209EC /* Resources */ = {
			isa = PBXResourcesBuildPhase;
			buildActionMask = 2147483647;
			files = (
				86F39549210FA42600F209EC /* LaunchScreen.storyboard in Resources */,
				86F39544210FA42500F209EC /* Main.storyboard in Resources */,
				984C21CD26B447C6006EEF4F /* Assets.xcassets in Resources */,
				14F15C94263954F2008DB04C /* GoogleService-Info.plist in Resources */,
			);
			runOnlyForDeploymentPostprocessing = 0;
		};
		986A29152997FD3700879BCF /* Resources */ = {
			isa = PBXResourcesBuildPhase;
			buildActionMask = 2147483647;
			files = (
				986A291F2997FD3700879BCF /* MainInterface.storyboard in Resources */,
			);
			runOnlyForDeploymentPostprocessing = 0;
		};
/* End PBXResourcesBuildPhase section */

/* Begin PBXSourcesBuildPhase section */
		1447B6FF262421CC00230A58 /* Sources */ = {
			isa = PBXSourcesBuildPhase;
			buildActionMask = 2147483647;
			files = (
				98211CA2287258E60027860B /* SettingsView.swift in Sources */,
				14995FBC26263A0900A7C78B /* AprilTagTracker.swift in Sources */,
				143011FE2629D8CD0042FDFC /* ManageLocationsButton.swift in Sources */,
				14995FB8262639ED00A7C78B /* ImageConversion.mm in Sources */,
				1447B72F2624227600230A58 /* ARView.swift in Sources */,
				1447B75B2624230200230A58 /* InvisibleMapCreatorController.swift in Sources */,
				14995FC026263B3100A7C78B /* simd+ext.swift in Sources */,
				98082AC7286CBEE1009E808C /* CreatorExitButton.swift in Sources */,
				98BF26A026AF4F9E0076427E /* AppleSignInController.swift in Sources */,
				1447B706262421CC00230A58 /* InvisibleMapCreator2App.swift in Sources */,
				1F83DB6A272C7AE800D0148F /* Utils.swift in Sources */,
				98082AC9286CBF6B009E808C /* CreatorAppState.swift in Sources */,
				1F131D72271F5FCC00568FEC /* FirebaseManager.swift in Sources */,
				1F83DB72273F02C100D0148F /* BaseNavigationView.swift in Sources */,
				14995FB7262639E900A7C78B /* ImageDisplay.mm in Sources */,
				98082ABF286B6F25009E808C /* LocationListView.swift in Sources */,
				14995FD726269B0900A7C78B /* SaveButton.swift in Sources */,
				141497E62645A41700BF0ABC /* InstructionOverlay.swift in Sources */,
				98BF26A126AF4F9E0076427E /* AuthenticationHelper.swift in Sources */,
				14995FB6262639E400A7C78B /* TagFinder.mm in Sources */,
				98E9BE982756BAE9001B5A2B /* ViewStructs.swift in Sources */,
				1F64364F269DDD08007BD526 /* MemoryChecker.m in Sources */,
				1FE9717A26FB8AFB00DEB00A /* AppController.swift in Sources */,
				1FE97193271619F200DEB00A /* Map.swift in Sources */,
				98A859C22886FBED0017D09A /* UserAccountView.swift in Sources */,
				98211C9E28724C5B0027860B /* HelpView.swift in Sources */,
				14995FEA262713EC00A7C78B /* RecordMapView.swift in Sources */,
				143011F92629D8AF0042FDFC /* AddLocationButton.swift in Sources */,
				141FF9C226499FCE00845059 /* ManageLocationsView.swift in Sources */,
				1F4C30C626A1D70C008CBE3C /* RecordTagButton.swift in Sources */,
				98211CA528725A620027860B /* FeedbackView.swift in Sources */,
				98082AB42864FECB009E808C /* MenuView.swift in Sources */,
				1447B7422624229600230A58 /* ContentView.swift in Sources */,
				1447B75C2624230200230A58 /* StateType.swift in Sources */,
				14E164732633523B0087A426 /* EditMapView.swift in Sources */,
				1447B75E2624230200230A58 /* MapRecorder.swift in Sources */,
				14995FB2262639DA00A7C78B /* main.m in Sources */,
			);
			runOnlyForDeploymentPostprocessing = 0;
		};
		1F77A35B26F2493A0044BE18 /* Sources */ = {
			isa = PBXSourcesBuildPhase;
			buildActionMask = 2147483647;
			files = (
				98A859CB2889C7530017D09A /* GetDirectionsButton.swift in Sources */,
				98A859B8287F50B80017D09A /* DirectionFeeback.swift in Sources */,
				1FE9718326FE614700DEB00A /* TagFinder.mm in Sources */,
				1FE9717B26FB8AFC00DEB00A /* AppController.swift in Sources */,
				98082AC5286CBDE4009E808C /* InvisibleMapAppState.swift in Sources */,
				1FE46D8027644F93001A3812 /* TagDetectionButton.swift in Sources */,
				1FE9717F26FBA29E00DEB00A /* ARView.swift in Sources */,
				1FE9718B26FE635D00DEB00A /* MemoryChecker.m in Sources */,
				1F131D73271F5FCC00568FEC /* FirebaseManager.swift in Sources */,
				1FE9718626FE615600DEB00A /* AprilTagTracker.swift in Sources */,
				98082AC1286B6FEC009E808C /* InstructionOverlay.swift in Sources */,
				98D494872757D34700BF0279 /* AppleSignInController.swift in Sources */,
				1FE9718526FE614F00DEB00A /* ImageConversion.mm in Sources */,
				98211CA628725A620027860B /* FeedbackView.swift in Sources */,
				1FE9718426FE614B00DEB00A /* ImageDisplay.mm in Sources */,
				98082AB52864FECB009E808C /* MenuView.swift in Sources */,
				1F83DB6B272C7AE800D0148F /* Utils.swift in Sources */,
				1FE9718726FE616000DEB00A /* simd+ext.swift in Sources */,
				1FE9717626FB88BE00DEB00A /* StateType.swift in Sources */,
				1F83DB75273F081300D0148F /* NavigateMapView.swift in Sources */,
				98211C9F28724C5B0027860B /* HelpView.swift in Sources */,
				98211CA3287258E60027860B /* SettingsView.swift in Sources */,
				1FE971902703AC9600DEB00A /* Map.swift in Sources */,
				98082AC3286CB6AD009E808C /* MapNavigateExitButton.swift in Sources */,
				98A859C32886FBED0017D09A /* UserAccountView.swift in Sources */,
				1F77A36226F2493A0044BE18 /* InvisibleMap2App.swift in Sources */,
				1F83DB70273EFC0C00D0148F /* ContentView.swift in Sources */,
				98E9BE992756BAE9001B5A2B /* ViewStructs.swift in Sources */,
				1F83DB73273F02C100D0148F /* BaseNavigationView.swift in Sources */,
				98D494882757D34900BF0279 /* AuthenticationHelper.swift in Sources */,
				1FE9717D26FB8B2D00DEB00A /* InvisibleMapController.swift in Sources */,
				1FE9718226FE50E400DEB00A /* MapNavigator.swift in Sources */,
				98E9BE9B2756C104001B5A2B /* SelectPathView.swift in Sources */,
			);
			runOnlyForDeploymentPostprocessing = 0;
		};
		86F39537210FA42500F209EC /* Sources */ = {
			isa = PBXSourcesBuildPhase;
			buildActionMask = 2147483647;
			files = (
				1FE9718E26FE63CB00DEB00A /* TagFinder.mm in Sources */,
				98BF26A626B03EB90076427E /* AuthenticationHelper.swift in Sources */,
				98BF26A526B03EAA0076427E /* AppleSignInController.swift in Sources */,
				822FA78324E2F9750001F463 /* DebugHelpers.swift in Sources */,
				86112CD3211B837200736960 /* ChooseMapTableViewCell.swift in Sources */,
				1FE9718C26FE63C600DEB00A /* ImageConversion.mm in Sources */,
				86112CCD211B805300736960 /* ChooseMapViewController.swift in Sources */,
				868CBA4E2113394B007343B4 /* main.m in Sources */,
				86F39541210FA42500F209EC /* ViewController.swift in Sources */,
				1FE9718D26FE63C900DEB00A /* ImageDisplay.mm in Sources */,
				822FA78624E2FB3E0001F463 /* AprilTagTracker.swift in Sources */,
				86F3953F210FA42500F209EC /* AppDelegate.swift in Sources */,
				82A8259F24B3854000AFC390 /* simd+ext.swift in Sources */,
			);
			runOnlyForDeploymentPostprocessing = 0;
		};
		986A29132997FD3700879BCF /* Sources */ = {
			isa = PBXSourcesBuildPhase;
			buildActionMask = 2147483647;
			files = (
				986A293429B3AD9800879BCF /* MapRecorder.swift in Sources */,
				986A29282997FDE700879BCF /* Clew2AppController.swift in Sources */,
				986A292C29B3AA1200879BCF /* AppController.swift in Sources */,
				986A293029B3AD5200879BCF /* NavigateMapView.swift in Sources */,
				986A291C2997FD3700879BCF /* AccountAuthenticationModificationViewController.swift in Sources */,
				986A29252997FD6200879BCF /* Clew2AppState.swift in Sources */,
				986A293229B3AD6800879BCF /* RecordMapView.swift in Sources */,
				986A292A2997FE8800879BCF /* Clew2App.swift in Sources */,
				986A293629B3ADA400879BCF /* MapNavigator.swift in Sources */,
			);
			runOnlyForDeploymentPostprocessing = 0;
		};
/* End PBXSourcesBuildPhase section */

/* Begin PBXVariantGroup section */
		86F39542210FA42500F209EC /* Main.storyboard */ = {
			isa = PBXVariantGroup;
			children = (
				86F39543210FA42500F209EC /* Base */,
			);
			name = Main.storyboard;
			sourceTree = "<group>";
		};
		86F39547210FA42600F209EC /* LaunchScreen.storyboard */ = {
			isa = PBXVariantGroup;
			children = (
				86F39548210FA42600F209EC /* Base */,
			);
			name = LaunchScreen.storyboard;
			sourceTree = "<group>";
		};
		986A291D2997FD3700879BCF /* MainInterface.storyboard */ = {
			isa = PBXVariantGroup;
			children = (
				986A291E2997FD3700879BCF /* Base */,
			);
			name = MainInterface.storyboard;
			sourceTree = "<group>";
		};
/* End PBXVariantGroup section */

/* Begin XCBuildConfiguration section */
		1447B70F262421CF00230A58 /* Debug */ = {
			isa = XCBuildConfiguration;
			buildSettings = {
				ASSETCATALOG_COMPILER_APPICON_NAME = AppIcon;
				ASSETCATALOG_COMPILER_GLOBAL_ACCENT_COLOR_NAME = AccentColor;
				CLANG_WARN_QUOTED_INCLUDE_IN_FRAMEWORK_HEADER = "$(inherited)";
				CODE_SIGN_ENTITLEMENTS = InvisibleMapCreator2/InvisibleMapCreator2.entitlements;
				CODE_SIGN_STYLE = Automatic;
				CURRENT_PROJECT_VERSION = 11;
				DEVELOPMENT_ASSET_PATHS = "\"InvisibleMapCreator2/Preview Content\"";
				DEVELOPMENT_TEAM = 787TUDMR8Q;
				ENABLE_PREVIEWS = YES;
				FRAMEWORK_SEARCH_PATHS = (
					"$(inherited)",
					"$(PROJECT_DIR)",
				);
				INFOPLIST_FILE = InvisibleMapCreator2/Info.plist;
				IPHONEOS_DEPLOYMENT_TARGET = 15.0;
				LD_RUNPATH_SEARCH_PATHS = (
					"$(inherited)",
					"@executable_path/Frameworks",
				);
				MTL_ENABLE_DEBUG_INFO = INCLUDE_SOURCE;
				MTL_FAST_MATH = YES;
				"OTHER_SWIFT_FLAGS[arch=*]" = "-D IS_MAP_CREATOR";
				PRODUCT_BUNDLE_IDENTIFIER = edu.occamlab.InvisibleMapCreator;
				PRODUCT_NAME = "$(TARGET_NAME)";
				SWIFT_OBJC_BRIDGING_HEADER = "Utils/TagFinder-Swift.h";
				SWIFT_VERSION = 5.0;
				TARGETED_DEVICE_FAMILY = "1,2";
			};
			name = Debug;
		};
		1447B710262421CF00230A58 /* Release */ = {
			isa = XCBuildConfiguration;
			buildSettings = {
				ASSETCATALOG_COMPILER_APPICON_NAME = AppIcon;
				ASSETCATALOG_COMPILER_GLOBAL_ACCENT_COLOR_NAME = AccentColor;
				CLANG_WARN_QUOTED_INCLUDE_IN_FRAMEWORK_HEADER = "$(inherited)";
				CODE_SIGN_ENTITLEMENTS = InvisibleMapCreator2/InvisibleMapCreator2.entitlements;
				CODE_SIGN_STYLE = Automatic;
				CURRENT_PROJECT_VERSION = 11;
				DEVELOPMENT_ASSET_PATHS = "\"InvisibleMapCreator2/Preview Content\"";
				DEVELOPMENT_TEAM = 787TUDMR8Q;
				ENABLE_PREVIEWS = YES;
				FRAMEWORK_SEARCH_PATHS = (
					"$(inherited)",
					"$(PROJECT_DIR)",
				);
				INFOPLIST_FILE = InvisibleMapCreator2/Info.plist;
				IPHONEOS_DEPLOYMENT_TARGET = 15.0;
				LD_RUNPATH_SEARCH_PATHS = (
					"$(inherited)",
					"@executable_path/Frameworks",
				);
				MTL_FAST_MATH = YES;
				"OTHER_SWIFT_FLAGS[arch=*]" = "-D IS_MAP_CREATOR";
				PRODUCT_BUNDLE_IDENTIFIER = edu.occamlab.InvisibleMapCreator;
				PRODUCT_NAME = "$(TARGET_NAME)";
				SWIFT_OBJC_BRIDGING_HEADER = "Utils/TagFinder-Swift.h";
				SWIFT_VERSION = 5.0;
				TARGETED_DEVICE_FAMILY = "1,2";
			};
			name = Release;
		};
		1F77A36B26F249480044BE18 /* Debug */ = {
			isa = XCBuildConfiguration;
			buildSettings = {
				ASSETCATALOG_COMPILER_APPICON_NAME = AppIcon;
				ASSETCATALOG_COMPILER_GLOBAL_ACCENT_COLOR_NAME = AccentColor;
				CODE_SIGN_STYLE = Automatic;
				CURRENT_PROJECT_VERSION = 15;
				DEVELOPMENT_ASSET_PATHS = "\"InvisibleMap2/Preview Content\"";
				DEVELOPMENT_TEAM = 787TUDMR8Q;
				ENABLE_PREVIEWS = YES;
				FRAMEWORK_SEARCH_PATHS = (
					"$(inherited)",
					"$(PROJECT_DIR)",
				);
				INFOPLIST_FILE = InvisibleMap2/Info.plist;
				IPHONEOS_DEPLOYMENT_TARGET = 15.0;
				LD_RUNPATH_SEARCH_PATHS = (
					"$(inherited)",
					"@executable_path/Frameworks",
				);
				MTL_ENABLE_DEBUG_INFO = INCLUDE_SOURCE;
				MTL_FAST_MATH = YES;
				PRODUCT_BUNDLE_IDENTIFIER = edu.occamlab.InvisibleMap;
				PRODUCT_NAME = "$(TARGET_NAME)";
				SWIFT_OBJC_BRIDGING_HEADER = "Utils/TagFinder-Swift.h";
				SWIFT_VERSION = 5.0;
				TARGETED_DEVICE_FAMILY = "1,2";
			};
			name = Debug;
		};
		1F77A36C26F249480044BE18 /* Release */ = {
			isa = XCBuildConfiguration;
			buildSettings = {
				ASSETCATALOG_COMPILER_APPICON_NAME = AppIcon;
				ASSETCATALOG_COMPILER_GLOBAL_ACCENT_COLOR_NAME = AccentColor;
				CODE_SIGN_ENTITLEMENTS = InvisibleMap2/InvisibleMap2Release.entitlements;
				CODE_SIGN_IDENTITY = "Apple Development";
				CODE_SIGN_STYLE = Automatic;
				CURRENT_PROJECT_VERSION = 15;
				DEVELOPMENT_ASSET_PATHS = "\"InvisibleMap2/Preview Content\"";
				DEVELOPMENT_TEAM = 787TUDMR8Q;
				ENABLE_PREVIEWS = YES;
				FRAMEWORK_SEARCH_PATHS = (
					"$(inherited)",
					"$(PROJECT_DIR)",
				);
				INFOPLIST_FILE = InvisibleMap2/Info.plist;
				IPHONEOS_DEPLOYMENT_TARGET = 15.0;
				LD_RUNPATH_SEARCH_PATHS = (
					"$(inherited)",
					"@executable_path/Frameworks",
				);
				MTL_FAST_MATH = YES;
				PRODUCT_BUNDLE_IDENTIFIER = edu.occamlab.InvisibleMap;
				PRODUCT_NAME = "$(TARGET_NAME)";
				PROVISIONING_PROFILE_SPECIFIER = "";
				SWIFT_OBJC_BRIDGING_HEADER = "Utils/TagFinder-Swift.h";
				SWIFT_VERSION = 5.0;
				TARGETED_DEVICE_FAMILY = "1,2";
			};
			name = Release;
		};
		86F39556210FA42600F209EC /* Debug */ = {
			isa = XCBuildConfiguration;
			buildSettings = {
				ALWAYS_SEARCH_USER_PATHS = NO;
				CLANG_ANALYZER_NONNULL = YES;
				CLANG_ANALYZER_NUMBER_OBJECT_CONVERSION = YES_AGGRESSIVE;
				CLANG_CXX_LANGUAGE_STANDARD = "gnu++14";
				CLANG_CXX_LIBRARY = "libc++";
				CLANG_ENABLE_MODULES = YES;
				CLANG_ENABLE_OBJC_ARC = YES;
				CLANG_ENABLE_OBJC_WEAK = YES;
				CLANG_WARN_BLOCK_CAPTURE_AUTORELEASING = YES;
				CLANG_WARN_BOOL_CONVERSION = YES;
				CLANG_WARN_COMMA = YES;
				CLANG_WARN_CONSTANT_CONVERSION = YES;
				CLANG_WARN_DEPRECATED_OBJC_IMPLEMENTATIONS = YES;
				CLANG_WARN_DIRECT_OBJC_ISA_USAGE = YES_ERROR;
				CLANG_WARN_DOCUMENTATION_COMMENTS = YES;
				CLANG_WARN_EMPTY_BODY = YES;
				CLANG_WARN_ENUM_CONVERSION = YES;
				CLANG_WARN_INFINITE_RECURSION = YES;
				CLANG_WARN_INT_CONVERSION = YES;
				CLANG_WARN_NON_LITERAL_NULL_CONVERSION = YES;
				CLANG_WARN_OBJC_IMPLICIT_RETAIN_SELF = YES;
				CLANG_WARN_OBJC_LITERAL_CONVERSION = YES;
				CLANG_WARN_OBJC_ROOT_CLASS = YES_ERROR;
				CLANG_WARN_QUOTED_INCLUDE_IN_FRAMEWORK_HEADER = YES;
				CLANG_WARN_RANGE_LOOP_ANALYSIS = YES;
				CLANG_WARN_STRICT_PROTOTYPES = YES;
				CLANG_WARN_SUSPICIOUS_MOVE = YES;
				CLANG_WARN_UNGUARDED_AVAILABILITY = YES_AGGRESSIVE;
				CLANG_WARN_UNREACHABLE_CODE = YES;
				CLANG_WARN__DUPLICATE_METHOD_MATCH = YES;
				CODE_SIGN_IDENTITY = "iPhone Developer";
				COPY_PHASE_STRIP = NO;
				DEBUG_INFORMATION_FORMAT = dwarf;
				ENABLE_STRICT_OBJC_MSGSEND = YES;
				ENABLE_TESTABILITY = YES;
				GCC_C_LANGUAGE_STANDARD = gnu11;
				GCC_DYNAMIC_NO_PIC = NO;
				GCC_NO_COMMON_BLOCKS = YES;
				GCC_OPTIMIZATION_LEVEL = 0;
				GCC_PREPROCESSOR_DEFINITIONS = (
					"DEBUG=1",
					"$(inherited)",
				);
				GCC_WARN_64_TO_32_BIT_CONVERSION = YES;
				GCC_WARN_ABOUT_RETURN_TYPE = YES_ERROR;
				GCC_WARN_UNDECLARED_SELECTOR = YES;
				GCC_WARN_UNINITIALIZED_AUTOS = YES_AGGRESSIVE;
				GCC_WARN_UNUSED_FUNCTION = YES;
				GCC_WARN_UNUSED_VARIABLE = YES;
				IPHONEOS_DEPLOYMENT_TARGET = 12.0;
				MTL_ENABLE_DEBUG_INFO = YES;
				ONLY_ACTIVE_ARCH = YES;
				SDKROOT = iphoneos;
				SWIFT_ACTIVE_COMPILATION_CONDITIONS = DEBUG;
				SWIFT_OBJC_BRIDGING_HEADER = "InvisibleMap/TagFinder-Swift.h";
				SWIFT_OPTIMIZATION_LEVEL = "-Onone";
			};
			name = Debug;
		};
		86F39557210FA42600F209EC /* Release */ = {
			isa = XCBuildConfiguration;
			buildSettings = {
				ALWAYS_SEARCH_USER_PATHS = NO;
				CLANG_ANALYZER_NONNULL = YES;
				CLANG_ANALYZER_NUMBER_OBJECT_CONVERSION = YES_AGGRESSIVE;
				CLANG_CXX_LANGUAGE_STANDARD = "gnu++14";
				CLANG_CXX_LIBRARY = "libc++";
				CLANG_ENABLE_MODULES = YES;
				CLANG_ENABLE_OBJC_ARC = YES;
				CLANG_ENABLE_OBJC_WEAK = YES;
				CLANG_WARN_BLOCK_CAPTURE_AUTORELEASING = YES;
				CLANG_WARN_BOOL_CONVERSION = YES;
				CLANG_WARN_COMMA = YES;
				CLANG_WARN_CONSTANT_CONVERSION = YES;
				CLANG_WARN_DEPRECATED_OBJC_IMPLEMENTATIONS = YES;
				CLANG_WARN_DIRECT_OBJC_ISA_USAGE = YES_ERROR;
				CLANG_WARN_DOCUMENTATION_COMMENTS = YES;
				CLANG_WARN_EMPTY_BODY = YES;
				CLANG_WARN_ENUM_CONVERSION = YES;
				CLANG_WARN_INFINITE_RECURSION = YES;
				CLANG_WARN_INT_CONVERSION = YES;
				CLANG_WARN_NON_LITERAL_NULL_CONVERSION = YES;
				CLANG_WARN_OBJC_IMPLICIT_RETAIN_SELF = YES;
				CLANG_WARN_OBJC_LITERAL_CONVERSION = YES;
				CLANG_WARN_OBJC_ROOT_CLASS = YES_ERROR;
				CLANG_WARN_QUOTED_INCLUDE_IN_FRAMEWORK_HEADER = YES;
				CLANG_WARN_RANGE_LOOP_ANALYSIS = YES;
				CLANG_WARN_STRICT_PROTOTYPES = YES;
				CLANG_WARN_SUSPICIOUS_MOVE = YES;
				CLANG_WARN_UNGUARDED_AVAILABILITY = YES_AGGRESSIVE;
				CLANG_WARN_UNREACHABLE_CODE = YES;
				CLANG_WARN__DUPLICATE_METHOD_MATCH = YES;
				CODE_SIGN_IDENTITY = "iPhone Developer";
				COPY_PHASE_STRIP = NO;
				DEBUG_INFORMATION_FORMAT = "dwarf-with-dsym";
				ENABLE_NS_ASSERTIONS = NO;
				ENABLE_STRICT_OBJC_MSGSEND = YES;
				GCC_C_LANGUAGE_STANDARD = gnu11;
				GCC_NO_COMMON_BLOCKS = YES;
				GCC_WARN_64_TO_32_BIT_CONVERSION = YES;
				GCC_WARN_ABOUT_RETURN_TYPE = YES_ERROR;
				GCC_WARN_UNDECLARED_SELECTOR = YES;
				GCC_WARN_UNINITIALIZED_AUTOS = YES_AGGRESSIVE;
				GCC_WARN_UNUSED_FUNCTION = YES;
				GCC_WARN_UNUSED_VARIABLE = YES;
				IPHONEOS_DEPLOYMENT_TARGET = 12.0;
				MTL_ENABLE_DEBUG_INFO = NO;
				SDKROOT = iphoneos;
				SWIFT_COMPILATION_MODE = wholemodule;
				SWIFT_OBJC_BRIDGING_HEADER = "InvisibleMap/TagFinder-Swift.h";
				SWIFT_OPTIMIZATION_LEVEL = "-O";
				VALIDATE_PRODUCT = YES;
			};
			name = Release;
		};
		86F39559210FA42600F209EC /* Debug */ = {
			isa = XCBuildConfiguration;
			buildSettings = {
				ASSETCATALOG_COMPILER_APPICON_NAME = AppIcon;
				CLANG_ENABLE_MODULES = YES;
				CODE_SIGN_ENTITLEMENTS = InvisibleMap/InvisibleMap.entitlements;
				CODE_SIGN_STYLE = Automatic;
				CURRENT_PROJECT_VERSION = 8;
				DEVELOPMENT_TEAM = 787TUDMR8Q;
				ENABLE_BITCODE = NO;
				FRAMEWORK_SEARCH_PATHS = (
					"$(inherited)",
					"$(PROJECT_DIR)",
				);
				HEADER_SEARCH_PATHS = (
					"$(inherited)",
					$SDKROOT/usr/include/libxml2,
				);
				INFOPLIST_FILE = InvisibleMap/Info.plist;
				IPHONEOS_DEPLOYMENT_TARGET = 15.0;
				LD_RUNPATH_SEARCH_PATHS = (
					"$(inherited)",
					"@executable_path/Frameworks",
				);
				PRODUCT_BUNDLE_IDENTIFIER = edu.occamlab.InvisibleMap;
				PRODUCT_NAME = "$(TARGET_NAME)";
				SWIFT_OBJC_BRIDGING_HEADER = "Utils/TagFinder-Swift.h";
				SWIFT_OPTIMIZATION_LEVEL = "-Onone";
				SWIFT_VERSION = 4.0;
				TARGETED_DEVICE_FAMILY = "1,2";
			};
			name = Debug;
		};
		86F3955A210FA42600F209EC /* Release */ = {
			isa = XCBuildConfiguration;
			buildSettings = {
				ASSETCATALOG_COMPILER_APPICON_NAME = AppIcon;
				CLANG_ENABLE_MODULES = YES;
				CODE_SIGN_ENTITLEMENTS = InvisibleMap/InvisibleMap.entitlements;
				CODE_SIGN_STYLE = Automatic;
				CURRENT_PROJECT_VERSION = 8;
				DEVELOPMENT_TEAM = 787TUDMR8Q;
				ENABLE_BITCODE = NO;
				FRAMEWORK_SEARCH_PATHS = (
					"$(inherited)",
					"$(PROJECT_DIR)",
				);
				HEADER_SEARCH_PATHS = (
					"$(inherited)",
					$SDKROOT/usr/include/libxml2,
				);
				INFOPLIST_FILE = InvisibleMap/Info.plist;
				IPHONEOS_DEPLOYMENT_TARGET = 15.0;
				LD_RUNPATH_SEARCH_PATHS = (
					"$(inherited)",
					"@executable_path/Frameworks",
				);
				PRODUCT_BUNDLE_IDENTIFIER = edu.occamlab.InvisibleMap;
				PRODUCT_NAME = "$(TARGET_NAME)";
				SWIFT_OBJC_BRIDGING_HEADER = "Utils/TagFinder-Swift.h";
				SWIFT_VERSION = 4.0;
				TARGETED_DEVICE_FAMILY = "1,2";
			};
			name = Release;
		};
		986A29222997FD3700879BCF /* Debug */ = {
			isa = XCBuildConfiguration;
			buildSettings = {
				CLANG_CXX_LANGUAGE_STANDARD = "gnu++17";
				CODE_SIGN_STYLE = Automatic;
				CURRENT_PROJECT_VERSION = 1;
				DEVELOPMENT_TEAM = 787TUDMR8Q;
				GENERATE_INFOPLIST_FILE = YES;
				INFOPLIST_FILE = "Clew 2.0/Info.plist";
				INFOPLIST_KEY_CFBundleDisplayName = "Clew 2.0";
				INFOPLIST_KEY_NSHumanReadableCopyright = "Copyright © 2023 Occam Lab. All rights reserved.";
				IPHONEOS_DEPLOYMENT_TARGET = 15.5;
				LD_RUNPATH_SEARCH_PATHS = (
					"$(inherited)",
					"@executable_path/Frameworks",
					"@executable_path/../../Frameworks",
				);
				MARKETING_VERSION = 1.0;
				MTL_ENABLE_DEBUG_INFO = INCLUDE_SOURCE;
				MTL_FAST_MATH = YES;
				PRODUCT_BUNDLE_IDENTIFIER = "edu.occamlab.InvisibleMap.Clew-2-0";
				PRODUCT_NAME = "$(TARGET_NAME)";
				SKIP_INSTALL = YES;
				SWIFT_EMIT_LOC_STRINGS = YES;
				SWIFT_VERSION = 5.0;
				TARGETED_DEVICE_FAMILY = "1,2";
			};
			name = Debug;
		};
		986A29232997FD3700879BCF /* Release */ = {
			isa = XCBuildConfiguration;
			buildSettings = {
				CLANG_CXX_LANGUAGE_STANDARD = "gnu++17";
				CODE_SIGN_STYLE = Automatic;
				CURRENT_PROJECT_VERSION = 1;
				DEVELOPMENT_TEAM = 787TUDMR8Q;
				GENERATE_INFOPLIST_FILE = YES;
				INFOPLIST_FILE = "Clew 2.0/Info.plist";
				INFOPLIST_KEY_CFBundleDisplayName = "Clew 2.0";
				INFOPLIST_KEY_NSHumanReadableCopyright = "Copyright © 2023 Occam Lab. All rights reserved.";
				IPHONEOS_DEPLOYMENT_TARGET = 15.5;
				LD_RUNPATH_SEARCH_PATHS = (
					"$(inherited)",
					"@executable_path/Frameworks",
					"@executable_path/../../Frameworks",
				);
				MARKETING_VERSION = 1.0;
				MTL_FAST_MATH = YES;
				PRODUCT_BUNDLE_IDENTIFIER = "edu.occamlab.InvisibleMap.Clew-2-0";
				PRODUCT_NAME = "$(TARGET_NAME)";
				SKIP_INSTALL = YES;
				SWIFT_EMIT_LOC_STRINGS = YES;
				SWIFT_VERSION = 5.0;
				TARGETED_DEVICE_FAMILY = "1,2";
			};
			name = Release;
		};
/* End XCBuildConfiguration section */

/* Begin XCConfigurationList section */
		1447B711262421CF00230A58 /* Build configuration list for PBXNativeTarget "InvisibleMapCreator2" */ = {
			isa = XCConfigurationList;
			buildConfigurations = (
				1447B70F262421CF00230A58 /* Debug */,
				1447B710262421CF00230A58 /* Release */,
			);
			defaultConfigurationIsVisible = 0;
			defaultConfigurationName = Release;
		};
		1F77A36D26F249480044BE18 /* Build configuration list for PBXNativeTarget "InvisibleMap2" */ = {
			isa = XCConfigurationList;
			buildConfigurations = (
				1F77A36B26F249480044BE18 /* Debug */,
				1F77A36C26F249480044BE18 /* Release */,
			);
			defaultConfigurationIsVisible = 0;
			defaultConfigurationName = Release;
		};
		86F39536210FA42500F209EC /* Build configuration list for PBXProject "InvisibleMap" */ = {
			isa = XCConfigurationList;
			buildConfigurations = (
				86F39556210FA42600F209EC /* Debug */,
				86F39557210FA42600F209EC /* Release */,
			);
			defaultConfigurationIsVisible = 0;
			defaultConfigurationName = Release;
		};
		86F39558210FA42600F209EC /* Build configuration list for PBXNativeTarget "InvisibleMap" */ = {
			isa = XCConfigurationList;
			buildConfigurations = (
				86F39559210FA42600F209EC /* Debug */,
				86F3955A210FA42600F209EC /* Release */,
			);
			defaultConfigurationIsVisible = 0;
			defaultConfigurationName = Release;
		};
		986A29212997FD3700879BCF /* Build configuration list for PBXNativeTarget "Clew 2.0" */ = {
			isa = XCConfigurationList;
			buildConfigurations = (
				986A29222997FD3700879BCF /* Debug */,
				986A29232997FD3700879BCF /* Release */,
			);
			defaultConfigurationIsVisible = 0;
			defaultConfigurationName = Release;
		};
/* End XCConfigurationList section */

/* Begin XCRemoteSwiftPackageReference section */
		984C21CE26B44F4D006EEF4F /* XCRemoteSwiftPackageReference "firebase-ios-sdk" */ = {
			isa = XCRemoteSwiftPackageReference;
			repositoryURL = "https://github.com/firebase/firebase-ios-sdk.git";
			requirement = {
				kind = upToNextMajorVersion;
				minimumVersion = 8.4.0;
			};
		};
		9860ED6826B4532400C1EC55 /* XCRemoteSwiftPackageReference "SwiftGraph" */ = {
			isa = XCRemoteSwiftPackageReference;
			repositoryURL = "https://github.com/davecom/SwiftGraph";
			requirement = {
				kind = upToNextMajorVersion;
				minimumVersion = 3.1.0;
			};
		};
/* End XCRemoteSwiftPackageReference section */

/* Begin XCSwiftPackageProductDependency section */
		1F131D74271F607A00568FEC /* FirebaseDatabase */ = {
			isa = XCSwiftPackageProductDependency;
			package = 984C21CE26B44F4D006EEF4F /* XCRemoteSwiftPackageReference "firebase-ios-sdk" */;
			productName = FirebaseDatabase;
		};
		1F131D76271F608100568FEC /* FirebaseStorage */ = {
			isa = XCSwiftPackageProductDependency;
			package = 984C21CE26B44F4D006EEF4F /* XCRemoteSwiftPackageReference "firebase-ios-sdk" */;
			productName = FirebaseStorage;
		};
		1F131D78271F60B000568FEC /* FirebaseAnalytics */ = {
			isa = XCSwiftPackageProductDependency;
			package = 984C21CE26B44F4D006EEF4F /* XCRemoteSwiftPackageReference "firebase-ios-sdk" */;
			productName = FirebaseAnalytics;
		};
		1F131D7A271F60B500568FEC /* FirebaseAuth */ = {
			isa = XCSwiftPackageProductDependency;
			package = 984C21CE26B44F4D006EEF4F /* XCRemoteSwiftPackageReference "firebase-ios-sdk" */;
			productName = FirebaseAuth;
		};
		1F131D7C27288FA400568FEC /* SwiftGraph */ = {
			isa = XCSwiftPackageProductDependency;
			package = 9860ED6826B4532400C1EC55 /* XCRemoteSwiftPackageReference "SwiftGraph" */;
			productName = SwiftGraph;
		};
		1FE971912704D8AE00DEB00A /* SwiftGraph */ = {
			isa = XCSwiftPackageProductDependency;
			package = 9860ED6826B4532400C1EC55 /* XCRemoteSwiftPackageReference "SwiftGraph" */;
			productName = SwiftGraph;
		};
		984C21CF26B44F4D006EEF4F /* FirebaseAnalytics */ = {
			isa = XCSwiftPackageProductDependency;
			package = 984C21CE26B44F4D006EEF4F /* XCRemoteSwiftPackageReference "firebase-ios-sdk" */;
			productName = FirebaseAnalytics;
		};
		984C21D126B44F4D006EEF4F /* FirebaseStorage */ = {
			isa = XCSwiftPackageProductDependency;
			package = 984C21CE26B44F4D006EEF4F /* XCRemoteSwiftPackageReference "firebase-ios-sdk" */;
			productName = FirebaseStorage;
		};
		984C21D326B44F4D006EEF4F /* FirebaseAuth */ = {
			isa = XCSwiftPackageProductDependency;
			package = 984C21CE26B44F4D006EEF4F /* XCRemoteSwiftPackageReference "firebase-ios-sdk" */;
			productName = FirebaseAuth;
		};
		984C21D526B44F4D006EEF4F /* FirebaseDatabase */ = {
			isa = XCSwiftPackageProductDependency;
			package = 984C21CE26B44F4D006EEF4F /* XCRemoteSwiftPackageReference "firebase-ios-sdk" */;
			productName = FirebaseDatabase;
		};
		984C21D726B44F88006EEF4F /* FirebaseAnalytics */ = {
			isa = XCSwiftPackageProductDependency;
			package = 984C21CE26B44F4D006EEF4F /* XCRemoteSwiftPackageReference "firebase-ios-sdk" */;
			productName = FirebaseAnalytics;
		};
		984C21D926B44F8C006EEF4F /* FirebaseAuth */ = {
			isa = XCSwiftPackageProductDependency;
			package = 984C21CE26B44F4D006EEF4F /* XCRemoteSwiftPackageReference "firebase-ios-sdk" */;
			productName = FirebaseAuth;
		};
		984C21DB26B44F93006EEF4F /* FirebaseDatabase */ = {
			isa = XCSwiftPackageProductDependency;
			package = 984C21CE26B44F4D006EEF4F /* XCRemoteSwiftPackageReference "firebase-ios-sdk" */;
			productName = FirebaseDatabase;
		};
		984C21DD26B44F99006EEF4F /* FirebaseStorage */ = {
			isa = XCSwiftPackageProductDependency;
			package = 984C21CE26B44F4D006EEF4F /* XCRemoteSwiftPackageReference "firebase-ios-sdk" */;
			productName = FirebaseStorage;
		};
		9860ED6926B4532400C1EC55 /* SwiftGraph */ = {
			isa = XCSwiftPackageProductDependency;
			package = 9860ED6826B4532400C1EC55 /* XCRemoteSwiftPackageReference "SwiftGraph" */;
			productName = SwiftGraph;
		};
/* End XCSwiftPackageProductDependency section */
	};
	rootObject = 86F39533210FA42500F209EC /* Project object */;
}
